{
  "nodes": {
    "chuffed": {
      "inputs": {
        "flakeUtils": "flakeUtils",
        "nixpkgs": "nixpkgs",
        "package": "package"
      },
      "locked": {
        "dir": "chuffed",
        "lastModified": 1765445664,
        "narHash": "sha256-cAoURDvV3myaUruj4u7WL7CziwZybu7rd/V+Aube4eA=",
        "owner": "Rellikeht",
        "repo": "nix-builds",
        "rev": "8a1be0268ed3e41c03d3870508b922d8a49a117e",
        "type": "github"
      },
      "original": {
        "dir": "chuffed",
        "owner": "Rellikeht",
        "repo": "nix-builds",
        "type": "github"
      }
    },
    "chuffed_2": {
      "inputs": {
        "flakeUtils": "flakeUtils_4",
        "nixpkgs": "nixpkgs_5",
        "package": "package_2"
      },
      "locked": {
        "dir": "chuffed",
        "lastModified": 1760181391,
        "narHash": "sha256-UwEUrg2kYKjdtG8bB0NpFsGeI9aTWikKYdGlzogntQU=",
        "owner": "Rellikeht",
        "repo": "nix-builds",
        "rev": "a28a5c4bda6a81289f5513aa40adbc34783e6e5b",
        "type": "github"
      },
      "original": {
        "dir": "chuffed",
        "owner": "Rellikeht",
        "repo": "nix-builds",
        "type": "github"
      }
    },
    "dmenu": {
      "inputs": {
        "flake-utils": "flake-utils",
        "nixpkgs": "nixpkgs_2"
      },
      "locked": {
        "lastModified": 1765443725,
        "narHash": "sha256-VAG4t4BQIZyNxLvivi1D8EagAiq2tVkSDlT1JZY1QU0=",
        "owner": "Rellikeht",
        "repo": "dmenu",
        "rev": "0a72cfe6308e8b3870fe08e261984b64a78061b6",
        "type": "github"
      },
      "original": {
        "owner": "Rellikeht",
        "repo": "dmenu",
        "type": "github"
      }
    },
    "dwm": {
      "inputs": {
        "flake-utils": "flake-utils_2",
        "nixpkgs": "nixpkgs_3"
      },
      "locked": {
        "lastModified": 1765443732,
        "narHash": "sha256-lAQhiYxWcOEbS79V427okoOFFTQEn5ypOu/2P4fhcMQ=",
        "owner": "Rellikeht",
        "repo": "dwm",
        "rev": "d1b9ba0d8d14c74ac7faad089a905862b00d50b8",
        "type": "github"
      },
      "original": {
        "owner": "Rellikeht",
        "repo": "dwm",
        "type": "github"
      }
    },
    "flake-utils": {
      "inputs": {
        "systems": "systems_2"
      },
      "locked": {
        "lastModified": 1731533236,
        "narHash": "sha256-l0KFg5HjrsfsO/JpG+r7fRrqm12kzFHyUHqHCVpMMbI=",
        "owner": "numtide",
        "repo": "flake-utils",
        "rev": "11707dc2f618dd54ca8739b309ec4fc024de578b",
        "type": "github"
      },
      "original": {
        "owner": "numtide",
        "repo": "flake-utils",
        "type": "github"
      }
    },
    "flake-utils_2": {
      "inputs": {
        "systems": "systems_3"
      },
      "locked": {
        "lastModified": 1731533236,
        "narHash": "sha256-l0KFg5HjrsfsO/JpG+r7fRrqm12kzFHyUHqHCVpMMbI=",
        "owner": "numtide",
        "repo": "flake-utils",
        "rev": "11707dc2f618dd54ca8739b309ec4fc024de578b",
        "type": "github"
      },
      "original": {
        "owner": "numtide",
        "repo": "flake-utils",
        "type": "github"
      }
    },
    "flake-utils_3": {
      "inputs": {
        "systems": "systems_9"
      },
      "locked": {
        "lastModified": 1731533236,
        "narHash": "sha256-l0KFg5HjrsfsO/JpG+r7fRrqm12kzFHyUHqHCVpMMbI=",
        "owner": "numtide",
        "repo": "flake-utils",
        "rev": "11707dc2f618dd54ca8739b309ec4fc024de578b",
        "type": "github"
      },
      "original": {
        "owner": "numtide",
        "repo": "flake-utils",
        "type": "github"
      }
    },
    "flake-utils_4": {
      "inputs": {
        "systems": "systems_13"
      },
      "locked": {
        "lastModified": 1731533236,
        "narHash": "sha256-l0KFg5HjrsfsO/JpG+r7fRrqm12kzFHyUHqHCVpMMbI=",
        "owner": "numtide",
        "repo": "flake-utils",
        "rev": "11707dc2f618dd54ca8739b309ec4fc024de578b",
        "type": "github"
      },
      "original": {
        "owner": "numtide",
        "repo": "flake-utils",
        "type": "github"
      }
    },
    "flake-utils_5": {
      "inputs": {
        "systems": "systems_15"
      },
      "locked": {
        "lastModified": 1731533236,
        "narHash": "sha256-l0KFg5HjrsfsO/JpG+r7fRrqm12kzFHyUHqHCVpMMbI=",
        "owner": "numtide",
        "repo": "flake-utils",
        "rev": "11707dc2f618dd54ca8739b309ec4fc024de578b",
        "type": "github"
      },
      "original": {
        "owner": "numtide",
        "repo": "flake-utils",
        "type": "github"
      }
    },
    "flakeUtils": {
      "inputs": {
        "systems": "systems"
      },
      "locked": {
        "lastModified": 1731533236,
        "narHash": "sha256-l0KFg5HjrsfsO/JpG+r7fRrqm12kzFHyUHqHCVpMMbI=",
        "owner": "numtide",
        "repo": "flake-utils",
        "rev": "11707dc2f618dd54ca8739b309ec4fc024de578b",
        "type": "github"
      },
      "original": {
        "owner": "numtide",
        "repo": "flake-utils",
        "type": "github"
      }
    },
    "flakeUtils_10": {
      "inputs": {
        "systems": "systems_14"
      },
      "locked": {
        "lastModified": 1731533236,
        "narHash": "sha256-l0KFg5HjrsfsO/JpG+r7fRrqm12kzFHyUHqHCVpMMbI=",
        "owner": "numtide",
        "repo": "flake-utils",
        "rev": "11707dc2f618dd54ca8739b309ec4fc024de578b",
        "type": "github"
      },
      "original": {
        "owner": "numtide",
        "repo": "flake-utils",
        "type": "github"
      }
    },
    "flakeUtils_11": {
      "inputs": {
        "systems": "systems_16"
      },
      "locked": {
        "lastModified": 1731533236,
        "narHash": "sha256-l0KFg5HjrsfsO/JpG+r7fRrqm12kzFHyUHqHCVpMMbI=",
        "owner": "numtide",
        "repo": "flake-utils",
        "rev": "11707dc2f618dd54ca8739b309ec4fc024de578b",
        "type": "github"
      },
      "original": {
        "owner": "numtide",
        "repo": "flake-utils",
        "type": "github"
      }
    },
    "flakeUtils_2": {
      "inputs": {
        "systems": "systems_4"
      },
      "locked": {
        "lastModified": 1731533236,
        "narHash": "sha256-l0KFg5HjrsfsO/JpG+r7fRrqm12kzFHyUHqHCVpMMbI=",
        "owner": "numtide",
        "repo": "flake-utils",
        "rev": "11707dc2f618dd54ca8739b309ec4fc024de578b",
        "type": "github"
      },
      "original": {
        "owner": "numtide",
        "repo": "flake-utils",
        "type": "github"
      }
    },
    "flakeUtils_3": {
      "inputs": {
        "systems": "systems_5"
      },
      "locked": {
        "lastModified": 1731533236,
        "narHash": "sha256-l0KFg5HjrsfsO/JpG+r7fRrqm12kzFHyUHqHCVpMMbI=",
        "owner": "numtide",
        "repo": "flake-utils",
        "rev": "11707dc2f618dd54ca8739b309ec4fc024de578b",
        "type": "github"
      },
      "original": {
        "owner": "numtide",
        "repo": "flake-utils",
        "type": "github"
      }
    },
    "flakeUtils_4": {
      "inputs": {
        "systems": "systems_6"
      },
      "locked": {
        "lastModified": 1731533236,
        "narHash": "sha256-l0KFg5HjrsfsO/JpG+r7fRrqm12kzFHyUHqHCVpMMbI=",
        "owner": "numtide",
        "repo": "flake-utils",
        "rev": "11707dc2f618dd54ca8739b309ec4fc024de578b",
        "type": "github"
      },
      "original": {
        "owner": "numtide",
        "repo": "flake-utils",
        "type": "github"
      }
    },
    "flakeUtils_5": {
      "inputs": {
        "systems": "systems_7"
      },
      "locked": {
        "lastModified": 1731533236,
        "narHash": "sha256-l0KFg5HjrsfsO/JpG+r7fRrqm12kzFHyUHqHCVpMMbI=",
        "owner": "numtide",
        "repo": "flake-utils",
        "rev": "11707dc2f618dd54ca8739b309ec4fc024de578b",
        "type": "github"
      },
      "original": {
        "owner": "numtide",
        "repo": "flake-utils",
        "type": "github"
      }
    },
    "flakeUtils_6": {
      "inputs": {
        "systems": "systems_8"
      },
      "locked": {
        "lastModified": 1731533236,
        "narHash": "sha256-l0KFg5HjrsfsO/JpG+r7fRrqm12kzFHyUHqHCVpMMbI=",
        "owner": "numtide",
        "repo": "flake-utils",
        "rev": "11707dc2f618dd54ca8739b309ec4fc024de578b",
        "type": "github"
      },
      "original": {
        "owner": "numtide",
        "repo": "flake-utils",
        "type": "github"
      }
    },
    "flakeUtils_7": {
      "inputs": {
        "systems": "systems_10"
      },
      "locked": {
        "lastModified": 1731533236,
        "narHash": "sha256-l0KFg5HjrsfsO/JpG+r7fRrqm12kzFHyUHqHCVpMMbI=",
        "owner": "numtide",
        "repo": "flake-utils",
        "rev": "11707dc2f618dd54ca8739b309ec4fc024de578b",
        "type": "github"
      },
      "original": {
        "owner": "numtide",
        "repo": "flake-utils",
        "type": "github"
      }
    },
    "flakeUtils_8": {
      "inputs": {
        "systems": "systems_11"
      },
      "locked": {
        "lastModified": 1731533236,
        "narHash": "sha256-l0KFg5HjrsfsO/JpG+r7fRrqm12kzFHyUHqHCVpMMbI=",
        "owner": "numtide",
        "repo": "flake-utils",
        "rev": "11707dc2f618dd54ca8739b309ec4fc024de578b",
        "type": "github"
      },
      "original": {
        "owner": "numtide",
        "repo": "flake-utils",
        "type": "github"
      }
    },
    "flakeUtils_9": {
      "inputs": {
        "systems": "systems_12"
      },
      "locked": {
        "lastModified": 1731533236,
        "narHash": "sha256-l0KFg5HjrsfsO/JpG+r7fRrqm12kzFHyUHqHCVpMMbI=",
        "owner": "numtide",
        "repo": "flake-utils",
        "rev": "11707dc2f618dd54ca8739b309ec4fc024de578b",
        "type": "github"
      },
      "original": {
        "owner": "numtide",
        "repo": "flake-utils",
        "type": "github"
      }
    },
    "hq": {
      "inputs": {
        "flakeUtils": "flakeUtils_3",
        "hq": "hq_2",
        "nixpkgs": "nixpkgs_4"
      },
      "locked": {
        "dir": "hq",
        "lastModified": 1765445664,
        "narHash": "sha256-cAoURDvV3myaUruj4u7WL7CziwZybu7rd/V+Aube4eA=",
        "owner": "Rellikeht",
        "repo": "nix-builds",
        "rev": "8a1be0268ed3e41c03d3870508b922d8a49a117e",
        "type": "github"
      },
      "original": {
        "dir": "hq",
        "owner": "Rellikeht",
        "repo": "nix-builds",
        "type": "github"
      }
    },
    "hq_2": {
      "flake": false,
      "locked": {
        "lastModified": 1757267712,
        "narHash": "sha256-JCMNd8bP9x+ZG61ZOQcBR0QE9wHl4xlOcGqQMKknyyI=",
        "owner": "MultisampledNight",
        "repo": "hq",
        "rev": "afdff46737ebfac62719d4b75015f26e9c97ae9b",
        "type": "github"
      },
      "original": {
        "owner": "MultisampledNight",
        "repo": "hq",
        "type": "github"
      }
    },
    "minizinc": {
      "inputs": {
        "chuffed": "chuffed_2",
        "flakeUtils": "flakeUtils_5",
        "nixpkgs": "nixpkgs_6",
        "package": "package_3"
      },
      "locked": {
        "dir": "minizinc",
        "lastModified": 1765445664,
        "narHash": "sha256-cAoURDvV3myaUruj4u7WL7CziwZybu7rd/V+Aube4eA=",
        "owner": "Rellikeht",
        "repo": "nix-builds",
        "rev": "8a1be0268ed3e41c03d3870508b922d8a49a117e",
        "type": "github"
      },
      "original": {
        "dir": "minizinc",
        "owner": "Rellikeht",
        "repo": "nix-builds",
        "type": "github"
      }
    },
    "minizinc-ide-bin": {
      "inputs": {
        "flakeUtils": "flakeUtils_6",
        "nixpkgs": "nixpkgs_7",
        "pkg-linux-x64": "pkg-linux-x64"
      },
      "locked": {
        "dir": "minizinc-ide-bin",
        "lastModified": 1765445664,
        "narHash": "sha256-cAoURDvV3myaUruj4u7WL7CziwZybu7rd/V+Aube4eA=",
        "owner": "Rellikeht",
        "repo": "nix-builds",
        "rev": "8a1be0268ed3e41c03d3870508b922d8a49a117e",
        "type": "github"
      },
      "original": {
        "dir": "minizinc-ide-bin",
        "owner": "Rellikeht",
        "repo": "nix-builds",
        "type": "github"
      }
    },
    "nixpkgs": {
      "locked": {
        "lastModified": 1765270179,
        "narHash": "sha256-g2a4MhRKu4ymR4xwo+I+auTknXt/+j37Lnf0Mvfl1rE=",
        "owner": "NixOS",
        "repo": "nixpkgs",
        "rev": "677fbe97984e7af3175b6c121f3c39ee5c8d62c9",
        "type": "github"
      },
      "original": {
        "owner": "NixOS",
        "ref": "nixpkgs-unstable",
        "repo": "nixpkgs",
        "type": "github"
      }
    },
    "nixpkgs_10": {
      "locked": {
        "lastModified": 1765270179,
        "narHash": "sha256-g2a4MhRKu4ymR4xwo+I+auTknXt/+j37Lnf0Mvfl1rE=",
        "owner": "NixOS",
        "repo": "nixpkgs",
        "rev": "677fbe97984e7af3175b6c121f3c39ee5c8d62c9",
        "type": "github"
      },
      "original": {
        "owner": "NixOS",
        "ref": "nixpkgs-unstable",
        "repo": "nixpkgs",
        "type": "github"
      }
    },
    "nixpkgs_11": {
      "locked": {
        "lastModified": 1765270179,
        "narHash": "sha256-g2a4MhRKu4ymR4xwo+I+auTknXt/+j37Lnf0Mvfl1rE=",
        "owner": "NixOS",
        "repo": "nixpkgs",
        "rev": "677fbe97984e7af3175b6c121f3c39ee5c8d62c9",
        "type": "github"
      },
      "original": {
        "owner": "NixOS",
        "ref": "nixpkgs-unstable",
        "repo": "nixpkgs",
        "type": "github"
      }
    },
    "nixpkgs_12": {
      "locked": {
        "lastModified": 1765270179,
        "narHash": "sha256-g2a4MhRKu4ymR4xwo+I+auTknXt/+j37Lnf0Mvfl1rE=",
        "owner": "NixOS",
        "repo": "nixpkgs",
        "rev": "677fbe97984e7af3175b6c121f3c39ee5c8d62c9",
        "type": "github"
      },
      "original": {
        "owner": "NixOS",
        "ref": "nixpkgs-unstable",
        "repo": "nixpkgs",
        "type": "github"
      }
    },
    "nixpkgs_13": {
      "locked": {
        "lastModified": 1765270179,
        "narHash": "sha256-g2a4MhRKu4ymR4xwo+I+auTknXt/+j37Lnf0Mvfl1rE=",
        "owner": "NixOS",
        "repo": "nixpkgs",
        "rev": "677fbe97984e7af3175b6c121f3c39ee5c8d62c9",
        "type": "github"
      },
      "original": {
        "owner": "NixOS",
        "ref": "nixpkgs-unstable",
        "repo": "nixpkgs",
        "type": "github"
      }
    },
    "nixpkgs_14": {
      "locked": {
        "lastModified": 1765270179,
        "narHash": "sha256-g2a4MhRKu4ymR4xwo+I+auTknXt/+j37Lnf0Mvfl1rE=",
        "owner": "NixOS",
        "repo": "nixpkgs",
        "rev": "677fbe97984e7af3175b6c121f3c39ee5c8d62c9",
        "type": "github"
      },
      "original": {
        "owner": "NixOS",
        "ref": "nixpkgs-unstable",
        "repo": "nixpkgs",
        "type": "github"
      }
    },
    "nixpkgs_15": {
      "locked": {
        "lastModified": 1765270179,
        "narHash": "sha256-g2a4MhRKu4ymR4xwo+I+auTknXt/+j37Lnf0Mvfl1rE=",
        "owner": "NixOS",
        "repo": "nixpkgs",
        "rev": "677fbe97984e7af3175b6c121f3c39ee5c8d62c9",
        "type": "github"
      },
      "original": {
        "owner": "NixOS",
        "ref": "nixpkgs-unstable",
        "repo": "nixpkgs",
        "type": "github"
      }
    },
    "nixpkgs_16": {
      "locked": {
        "lastModified": 1765270179,
        "narHash": "sha256-g2a4MhRKu4ymR4xwo+I+auTknXt/+j37Lnf0Mvfl1rE=",
        "owner": "NixOS",
        "repo": "nixpkgs",
        "rev": "677fbe97984e7af3175b6c121f3c39ee5c8d62c9",
        "type": "github"
      },
      "original": {
        "owner": "NixOS",
        "ref": "nixpkgs-unstable",
        "repo": "nixpkgs",
        "type": "github"
      }
    },
    "nixpkgs_2": {
      "locked": {
        "lastModified": 1765270179,
        "narHash": "sha256-g2a4MhRKu4ymR4xwo+I+auTknXt/+j37Lnf0Mvfl1rE=",
        "owner": "NixOS",
        "repo": "nixpkgs",
        "rev": "677fbe97984e7af3175b6c121f3c39ee5c8d62c9",
        "type": "github"
      },
      "original": {
        "owner": "NixOS",
        "ref": "nixpkgs-unstable",
        "repo": "nixpkgs",
        "type": "github"
      }
    },
    "nixpkgs_3": {
      "locked": {
        "lastModified": 1765270179,
        "narHash": "sha256-g2a4MhRKu4ymR4xwo+I+auTknXt/+j37Lnf0Mvfl1rE=",
        "owner": "NixOS",
        "repo": "nixpkgs",
        "rev": "677fbe97984e7af3175b6c121f3c39ee5c8d62c9",
        "type": "github"
      },
      "original": {
        "owner": "NixOS",
        "ref": "nixpkgs-unstable",
        "repo": "nixpkgs",
        "type": "github"
      }
    },
    "nixpkgs_4": {
      "locked": {
        "lastModified": 1765270179,
        "narHash": "sha256-g2a4MhRKu4ymR4xwo+I+auTknXt/+j37Lnf0Mvfl1rE=",
        "owner": "NixOS",
        "repo": "nixpkgs",
        "rev": "677fbe97984e7af3175b6c121f3c39ee5c8d62c9",
        "type": "github"
      },
      "original": {
        "owner": "NixOS",
        "ref": "nixpkgs-unstable",
        "repo": "nixpkgs",
        "type": "github"
      }
    },
    "nixpkgs_5": {
      "locked": {
        "lastModified": 1760103332,
        "narHash": "sha256-BMsGVfKl4Q80Pr9T1AkCRljO1bpwCmY8rTBVj8XGuhA=",
        "owner": "NixOS",
        "repo": "nixpkgs",
        "rev": "870493f9a8cb0b074ae5b411b2f232015db19a65",
        "type": "github"
      },
      "original": {
        "owner": "NixOS",
        "ref": "nixpkgs-unstable",
        "repo": "nixpkgs",
        "type": "github"
      }
    },
    "nixpkgs_6": {
      "locked": {
        "lastModified": 1765270179,
        "narHash": "sha256-g2a4MhRKu4ymR4xwo+I+auTknXt/+j37Lnf0Mvfl1rE=",
        "owner": "NixOS",
        "repo": "nixpkgs",
        "rev": "677fbe97984e7af3175b6c121f3c39ee5c8d62c9",
        "type": "github"
      },
      "original": {
        "owner": "NixOS",
        "ref": "nixpkgs-unstable",
        "repo": "nixpkgs",
        "type": "github"
      }
    },
    "nixpkgs_7": {
      "locked": {
        "lastModified": 1765270179,
        "narHash": "sha256-g2a4MhRKu4ymR4xwo+I+auTknXt/+j37Lnf0Mvfl1rE=",
        "owner": "NixOS",
        "repo": "nixpkgs",
        "rev": "677fbe97984e7af3175b6c121f3c39ee5c8d62c9",
        "type": "github"
      },
      "original": {
        "owner": "NixOS",
        "ref": "nixpkgs-unstable",
        "repo": "nixpkgs",
        "type": "github"
      }
    },
    "nixpkgs_8": {
      "locked": {
        "lastModified": 1765270179,
        "narHash": "sha256-g2a4MhRKu4ymR4xwo+I+auTknXt/+j37Lnf0Mvfl1rE=",
        "owner": "NixOS",
        "repo": "nixpkgs",
        "rev": "677fbe97984e7af3175b6c121f3c39ee5c8d62c9",
        "type": "github"
      },
      "original": {
        "owner": "NixOS",
        "ref": "nixpkgs-unstable",
        "repo": "nixpkgs",
        "type": "github"
      }
    },
    "nixpkgs_9": {
      "locked": {
        "lastModified": 1765270179,
        "narHash": "sha256-g2a4MhRKu4ymR4xwo+I+auTknXt/+j37Lnf0Mvfl1rE=",
        "owner": "NixOS",
        "repo": "nixpkgs",
        "rev": "677fbe97984e7af3175b6c121f3c39ee5c8d62c9",
        "type": "github"
      },
      "original": {
        "owner": "NixOS",
        "ref": "nixpkgs-unstable",
        "repo": "nixpkgs",
        "type": "github"
      }
    },
    "package": {
      "flake": false,
      "locked": {
        "lastModified": 1764024939,
        "narHash": "sha256-4euRjg2V3ZRuR4kG29O5gBNoj6Hzll0JF+xs+woD7l8=",
        "owner": "chuffed",
        "repo": "chuffed",
        "rev": "ad5c46c9ea0ac524583807500a18fc21d8d87504",
        "type": "github"
      },
      "original": {
        "owner": "chuffed",
        "repo": "chuffed",
        "type": "github"
      }
    },
    "package_2": {
      "flake": false,
      "locked": {
        "lastModified": 1754960561,
        "narHash": "sha256-857QOWYSvwpGjZiAzA8kaHJPCf+QVMn5C8PObSTeR2k=",
        "owner": "chuffed",
        "repo": "chuffed",
        "rev": "20fe35a551b54fb6628e03dcb8ea4157c4605535",
        "type": "github"
      },
      "original": {
        "owner": "chuffed",
        "repo": "chuffed",
        "type": "github"
      }
    },
    "package_3": {
      "flake": false,
      "locked": {
        "lastModified": 1759100696,
        "narHash": "sha256-soRFJMUX7JemI6wNVhAzJ+xsTRefn1trcbDia0XUmVc=",
        "owner": "MiniZinc",
        "repo": "libminizinc",
        "rev": "09a95c0d19f0430f5d34679cd8a208012d417de2",
        "type": "github"
      },
      "original": {
        "owner": "MiniZinc",
        "repo": "libminizinc",
        "type": "github"
      }
    },
    "package_4": {
      "flake": false,
      "locked": {
        "lastModified": 1764960593,
        "narHash": "sha256-0N1NpFl8ekqEtsfdr6Zv8a2xmwrl5e6Zn8ar8ajJZmo=",
        "owner": "playit-cloud",
        "repo": "playit-agent",
        "rev": "c4811885cbc7ac8d03b3a16fd7a27cb502325d81",
        "type": "github"
      },
      "original": {
        "owner": "playit-cloud",
        "repo": "playit-agent",
        "type": "github"
      }
    },
    "package_5": {
      "flake": false,
      "locked": {
        "narHash": "sha256-KN+raCiwSKiRbcyhSwML26aYlrz6WQEurra2Bzywvj8=",
        "type": "file",
        "url": "https://github.com/ufo5260987423/scheme-langserver/releases/download/1.2.9/run"
      },
      "original": {
        "type": "file",
        "url": "https://github.com/ufo5260987423/scheme-langserver/releases/download/1.2.9/run"
      }
    },
    "pico-sdk": {
      "inputs": {
        "flake-utils": "flake-utils_3",
        "nixpkgs": "nixpkgs_9",
        "pinout": "pinout",
        "sdk": "sdk"
      },
      "locked": {
        "dir": "pico-sdk",
        "lastModified": 1765445664,
        "narHash": "sha256-cAoURDvV3myaUruj4u7WL7CziwZybu7rd/V+Aube4eA=",
        "owner": "Rellikeht",
        "repo": "nix-builds",
        "rev": "8a1be0268ed3e41c03d3870508b922d8a49a117e",
        "type": "github"
      },
      "original": {
        "dir": "pico-sdk",
        "owner": "Rellikeht",
        "repo": "nix-builds",
        "type": "github"
      }
    },
    "pinout": {
      "flake": false,
      "locked": {
        "narHash": "sha256-Aikbi317COBedPgVe090WwaSrRuTPYHEnOS9nohBNDQ=",
        "type": "file",
        "url": "https://gabmus.org/pico_pinout"
      },
      "original": {
        "type": "file",
        "url": "https://gabmus.org/pico_pinout"
      }
    },
    "pkg-linux-a32": {
      "flake": false,
      "locked": {
        "narHash": "sha256-O9PybAn7OZJVNLVt2PEOBcEUPCs1xqL+K2WGzYcbaVw=",
        "type": "file",
        "url": "https://github.com/playit-cloud/playit-agent/releases/download/v0.16.5/playit-linux-armv7"
      },
      "original": {
        "type": "file",
        "url": "https://github.com/playit-cloud/playit-agent/releases/download/v0.16.5/playit-linux-armv7"
      }
    },
    "pkg-linux-a64": {
      "flake": false,
      "locked": {
        "narHash": "sha256-LYdsviwSPl6rTk2c9sb5xEvpFe4MheTRmNRHJ819yi0=",
        "type": "file",
        "url": "https://github.com/playit-cloud/playit-agent/releases/download/v0.16.5/playit-linux-aarch64"
      },
      "original": {
        "type": "file",
        "url": "https://github.com/playit-cloud/playit-agent/releases/download/v0.16.5/playit-linux-aarch64"
      }
    },
    "pkg-linux-x64": {
      "flake": false,
      "locked": {
        "lastModified": 1759107394,
        "narHash": "sha256-WjhDYhHeR7SEaY32AGXsLL2lt84VAiS3bwVZaFYHPvM=",
        "type": "tarball",
        "url": "https://github.com/MiniZinc/MiniZincIDE/releases/download/2.9.4/MiniZincIDE-2.9.4-bundle-linux-x86_64.tgz"
      },
      "original": {
        "type": "tarball",
        "url": "https://github.com/MiniZinc/MiniZincIDE/releases/download/2.9.4/MiniZincIDE-2.9.4-bundle-linux-x86_64.tgz"
      }
    },
    "pkg-linux-x64_2": {
      "flake": false,
      "locked": {
        "narHash": "sha256-M73twICR1RUQCsdUEe6pQv0oVIQnvnlXufGROtRl6Cw=",
        "type": "file",
        "url": "https://github.com/playit-cloud/playit-agent/releases/download/v0.16.5/playit-linux-amd64"
      },
      "original": {
        "type": "file",
        "url": "https://github.com/playit-cloud/playit-agent/releases/download/v0.16.5/playit-linux-amd64"
      }
    },
    "pkg-linux-x86": {
      "flake": false,
      "locked": {
        "narHash": "sha256-6lbNrOKxvqvgEw2lzwV7aAU+Tyiy2Uj7ZbWS/5/caWI=",
        "type": "file",
        "url": "https://github.com/playit-cloud/playit-agent/releases/download/v0.16.5/playit-linux-i686"
      },
      "original": {
        "type": "file",
        "url": "https://github.com/playit-cloud/playit-agent/releases/download/v0.16.5/playit-linux-i686"
      }
    },
    "playit": {
      "inputs": {
        "flakeUtils": "flakeUtils_7",
        "nixpkgs": "nixpkgs_10",
        "package": "package_4"
      },
      "locked": {
        "dir": "playit",
        "lastModified": 1765445664,
        "narHash": "sha256-cAoURDvV3myaUruj4u7WL7CziwZybu7rd/V+Aube4eA=",
        "owner": "Rellikeht",
        "repo": "nix-builds",
        "rev": "8a1be0268ed3e41c03d3870508b922d8a49a117e",
        "type": "github"
      },
      "original": {
        "dir": "playit",
        "owner": "Rellikeht",
        "repo": "nix-builds",
        "type": "github"
      }
    },
    "playit-bin": {
      "inputs": {
        "flakeUtils": "flakeUtils_8",
        "nixpkgs": "nixpkgs_11",
        "pkg-linux-a32": "pkg-linux-a32",
        "pkg-linux-a64": "pkg-linux-a64",
        "pkg-linux-x64": "pkg-linux-x64_2",
        "pkg-linux-x86": "pkg-linux-x86"
      },
      "locked": {
        "dir": "playit-bin",
        "lastModified": 1765445664,
        "narHash": "sha256-cAoURDvV3myaUruj4u7WL7CziwZybu7rd/V+Aube4eA=",
        "owner": "Rellikeht",
        "repo": "nix-builds",
        "rev": "8a1be0268ed3e41c03d3870508b922d8a49a117e",
        "type": "github"
      },
      "original": {
        "dir": "playit-bin",
        "owner": "Rellikeht",
        "repo": "nix-builds",
        "type": "github"
      }
    },
    "root": {
      "inputs": {
        "chuffed": "chuffed",
        "dmenu": "dmenu",
        "dwm": "dwm",
        "flakeUtils": "flakeUtils_2",
        "hq": "hq",
        "minizinc": "minizinc",
        "minizinc-ide-bin": "minizinc-ide-bin",
        "nixpkgs": "nixpkgs_8",
        "pico-sdk": "pico-sdk",
        "playit": "playit",
        "playit-bin": "playit-bin",
        "scheme-langserver-bin": "scheme-langserver-bin",
        "st": "st",
        "svim": "svim",
        "tabbed": "tabbed",
        "xinit-xsession": "xinit-xsession"
      }
    },
    "scheme-langserver-bin": {
      "inputs": {
        "flakeUtils": "flakeUtils_9",
        "nixpkgs": "nixpkgs_12",
        "package": "package_5"
      },
      "locked": {
        "dir": "scheme-langserver-bin",
        "lastModified": 1765445664,
        "narHash": "sha256-cAoURDvV3myaUruj4u7WL7CziwZybu7rd/V+Aube4eA=",
        "owner": "Rellikeht",
        "repo": "nix-builds",
        "rev": "8a1be0268ed3e41c03d3870508b922d8a49a117e",
        "type": "github"
      },
      "original": {
        "dir": "scheme-langserver-bin",
        "owner": "Rellikeht",
        "repo": "nix-builds",
        "type": "github"
      }
    },
    "sdk": {
      "flake": false,
      "locked": {
        "lastModified": 1753763866,
        "narHash": "sha256-8ubZW6yQnUTYxQqYI6hi7s3kFVQhe5EaxVvHmo93vgk=",
        "ref": "refs/heads/master",
        "rev": "a1438dff1d38bd9c65dbd693f0e5db4b9ae91779",
        "revCount": 1208,
        "submodules": true,
        "type": "git",
        "url": "https://github.com/raspberrypi/pico-sdk"
      },
      "original": {
        "submodules": true,
        "type": "git",
        "url": "https://github.com/raspberrypi/pico-sdk"
      }
    },
    "st": {
      "inputs": {
        "flake-utils": "flake-utils_4",
        "nixpkgs": "nixpkgs_13"
      },
      "locked": {
        "lastModified": 1765443744,
        "narHash": "sha256-xEN/m9OEoL/Nqd+BPE9LAkz39iz9LObDEh8dpPOsxW4=",
        "owner": "Rellikeht",
        "repo": "st",
        "rev": "9dddfa3accbbb1d906771d54372cbced13854c40",
        "type": "github"
      },
      "original": {
        "owner": "Rellikeht",
        "repo": "st",
        "type": "github"
      }
    },
    "svim": {
      "inputs": {
        "flakeUtils": "flakeUtils_10",
        "nixpkgs": "nixpkgs_14",
        "vim": "vim"
      },
      "locked": {
        "lastModified": 1765443758,
        "narHash": "sha256-ooQR8SMmpHQ4rZuEpGesLSjTcSDbEJXQnIVfEZu03ho=",
        "owner": "Rellikeht",
        "repo": "svim-comptools",
        "rev": "a817e3dc5255349ac83adac5e4e9b0633d28c7c6",
        "type": "github"
      },
      "original": {
        "owner": "Rellikeht",
        "repo": "svim-comptools",
        "type": "github"
      }
    },
    "systems": {
      "locked": {
        "lastModified": 1681028828,
        "narHash": "sha256-Vy1rq5AaRuLzOxct8nz4T6wlgyUR7zLU309k9mBC768=",
        "owner": "nix-systems",
        "repo": "default",
        "rev": "da67096a3b9bf56a91d16901293e51ba5b49a27e",
        "type": "github"
      },
      "original": {
        "owner": "nix-systems",
        "repo": "default",
        "type": "github"
      }
    },
    "systems_10": {
      "locked": {
        "lastModified": 1681028828,
        "narHash": "sha256-Vy1rq5AaRuLzOxct8nz4T6wlgyUR7zLU309k9mBC768=",
        "owner": "nix-systems",
        "repo": "default",
        "rev": "da67096a3b9bf56a91d16901293e51ba5b49a27e",
        "type": "github"
      },
      "original": {
        "owner": "nix-systems",
        "repo": "default",
        "type": "github"
      }
    },
    "systems_11": {
      "locked": {
        "lastModified": 1681028828,
        "narHash": "sha256-Vy1rq5AaRuLzOxct8nz4T6wlgyUR7zLU309k9mBC768=",
        "owner": "nix-systems",
        "repo": "default",
        "rev": "da67096a3b9bf56a91d16901293e51ba5b49a27e",
        "type": "github"
      },
      "original": {
        "owner": "nix-systems",
        "repo": "default",
        "type": "github"
      }
    },
    "systems_12": {
      "locked": {
        "lastModified": 1681028828,
        "narHash": "sha256-Vy1rq5AaRuLzOxct8nz4T6wlgyUR7zLU309k9mBC768=",
        "owner": "nix-systems",
        "repo": "default",
        "rev": "da67096a3b9bf56a91d16901293e51ba5b49a27e",
        "type": "github"
      },
      "original": {
        "owner": "nix-systems",
        "repo": "default",
        "type": "github"
      }
    },
    "systems_13": {
      "locked": {
        "lastModified": 1681028828,
        "narHash": "sha256-Vy1rq5AaRuLzOxct8nz4T6wlgyUR7zLU309k9mBC768=",
        "owner": "nix-systems",
        "repo": "default",
        "rev": "da67096a3b9bf56a91d16901293e51ba5b49a27e",
        "type": "github"
      },
      "original": {
        "owner": "nix-systems",
        "repo": "default",
        "type": "github"
      }
    },
    "systems_14": {
      "locked": {
        "lastModified": 1681028828,
        "narHash": "sha256-Vy1rq5AaRuLzOxct8nz4T6wlgyUR7zLU309k9mBC768=",
        "owner": "nix-systems",
        "repo": "default",
        "rev": "da67096a3b9bf56a91d16901293e51ba5b49a27e",
        "type": "github"
      },
      "original": {
        "owner": "nix-systems",
        "repo": "default",
        "type": "github"
      }
    },
    "systems_15": {
      "locked": {
        "lastModified": 1681028828,
        "narHash": "sha256-Vy1rq5AaRuLzOxct8nz4T6wlgyUR7zLU309k9mBC768=",
        "owner": "nix-systems",
        "repo": "default",
        "rev": "da67096a3b9bf56a91d16901293e51ba5b49a27e",
        "type": "github"
      },
      "original": {
        "owner": "nix-systems",
        "repo": "default",
        "type": "github"
      }
    },
    "systems_16": {
      "locked": {
        "lastModified": 1681028828,
        "narHash": "sha256-Vy1rq5AaRuLzOxct8nz4T6wlgyUR7zLU309k9mBC768=",
        "owner": "nix-systems",
        "repo": "default",
        "rev": "da67096a3b9bf56a91d16901293e51ba5b49a27e",
        "type": "github"
      },
      "original": {
        "owner": "nix-systems",
        "repo": "default",
        "type": "github"
      }
    },
    "systems_2": {
      "locked": {
        "lastModified": 1681028828,
        "narHash": "sha256-Vy1rq5AaRuLzOxct8nz4T6wlgyUR7zLU309k9mBC768=",
        "owner": "nix-systems",
        "repo": "default",
        "rev": "da67096a3b9bf56a91d16901293e51ba5b49a27e",
        "type": "github"
      },
      "original": {
        "owner": "nix-systems",
        "repo": "default",
        "type": "github"
      }
    },
    "systems_3": {
      "locked": {
        "lastModified": 1681028828,
        "narHash": "sha256-Vy1rq5AaRuLzOxct8nz4T6wlgyUR7zLU309k9mBC768=",
        "owner": "nix-systems",
        "repo": "default",
        "rev": "da67096a3b9bf56a91d16901293e51ba5b49a27e",
        "type": "github"
      },
      "original": {
        "owner": "nix-systems",
        "repo": "default",
        "type": "github"
      }
    },
    "systems_4": {
      "locked": {
        "lastModified": 1681028828,
        "narHash": "sha256-Vy1rq5AaRuLzOxct8nz4T6wlgyUR7zLU309k9mBC768=",
        "owner": "nix-systems",
        "repo": "default",
        "rev": "da67096a3b9bf56a91d16901293e51ba5b49a27e",
        "type": "github"
      },
      "original": {
        "owner": "nix-systems",
        "repo": "default",
        "type": "github"
      }
    },
    "systems_5": {
      "locked": {
        "lastModified": 1681028828,
        "narHash": "sha256-Vy1rq5AaRuLzOxct8nz4T6wlgyUR7zLU309k9mBC768=",
        "owner": "nix-systems",
        "repo": "default",
        "rev": "da67096a3b9bf56a91d16901293e51ba5b49a27e",
        "type": "github"
      },
      "original": {
        "owner": "nix-systems",
        "repo": "default",
        "type": "github"
      }
    },
    "systems_6": {
      "locked": {
        "lastModified": 1681028828,
        "narHash": "sha256-Vy1rq5AaRuLzOxct8nz4T6wlgyUR7zLU309k9mBC768=",
        "owner": "nix-systems",
        "repo": "default",
        "rev": "da67096a3b9bf56a91d16901293e51ba5b49a27e",
        "type": "github"
      },
      "original": {
        "owner": "nix-systems",
        "repo": "default",
        "type": "github"
      }
    },
    "systems_7": {
      "locked": {
        "lastModified": 1681028828,
        "narHash": "sha256-Vy1rq5AaRuLzOxct8nz4T6wlgyUR7zLU309k9mBC768=",
        "owner": "nix-systems",
        "repo": "default",
        "rev": "da67096a3b9bf56a91d16901293e51ba5b49a27e",
        "type": "github"
      },
      "original": {
        "owner": "nix-systems",
        "repo": "default",
        "type": "github"
      }
    },
    "systems_8": {
      "locked": {
        "lastModified": 1681028828,
        "narHash": "sha256-Vy1rq5AaRuLzOxct8nz4T6wlgyUR7zLU309k9mBC768=",
        "owner": "nix-systems",
        "repo": "default",
        "rev": "da67096a3b9bf56a91d16901293e51ba5b49a27e",
        "type": "github"
      },
      "original": {
        "owner": "nix-systems",
        "repo": "default",
        "type": "github"
      }
    },
    "systems_9": {
      "locked": {
        "lastModified": 1681028828,
        "narHash": "sha256-Vy1rq5AaRuLzOxct8nz4T6wlgyUR7zLU309k9mBC768=",
        "owner": "nix-systems",
        "repo": "default",
        "rev": "da67096a3b9bf56a91d16901293e51ba5b49a27e",
        "type": "github"
      },
      "original": {
        "owner": "nix-systems",
        "repo": "default",
        "type": "github"
      }
    },
    "tabbed": {
      "inputs": {
        "flake-utils": "flake-utils_5",
        "nixpkgs": "nixpkgs_15"
      },
      "locked": {
        "lastModified": 1765443764,
        "narHash": "sha256-wM3psV+2Zmh/Dka9UFDDOHggS631C5Vqid4YR0bT0pk=",
        "owner": "Rellikeht",
        "repo": "tabbed",
        "rev": "dbb13752dfede3530c56940bd97065912ad09b75",
        "type": "github"
      },
      "original": {
        "owner": "Rellikeht",
        "repo": "tabbed",
        "type": "github"
      }
    },
    "vim": {
      "flake": false,
      "locked": {
        "lastModified": 1765290219,
        "narHash": "sha256-AbtGuvPxyiv7eA1OVp9k1OXFfTOZrn4CoTdQtVh6udc=",
        "owner": "vim",
        "repo": "vim",
        "rev": "e758eac3365c0ca694e3a65b89b20894a753dc2e",
        "type": "github"
      },
      "original": {
        "owner": "vim",
        "repo": "vim",
        "type": "github"
      }
    },
    "xinit-xsession": {
      "inputs": {
        "flakeUtils": "flakeUtils_11",
        "nixpkgs": "nixpkgs_16"
      },
      "locked": {
        "dir": "xinit-xsession",
        "lastModified": 1765445664,
        "narHash": "sha256-cAoURDvV3myaUruj4u7WL7CziwZybu7rd/V+Aube4eA=",
        "owner": "Rellikeht",
        "repo": "nix-builds",
        "rev": "8a1be0268ed3e41c03d3870508b922d8a49a117e",
        "type": "github"
      },
      "original": {
        "dir": "xinit-xsession",
        "owner": "Rellikeht",
        "repo": "nix-builds",
        "type": "github"
      }
    }
  },
  "root": "root",
  "version": 7
}
