{
  "nodes": {
    "breeze-hacked": {
      "inputs": {
        "flakeUtils": "flakeUtils",
        "nixpkgs": "nixpkgs",
        "package": "package"
      },
      "locked": {
        "dir": "breeze-hacked",
        "lastModified": 1732019858,
        "narHash": "sha256-tNV+d4+BrgjwHgwqjhYNbAKe3JfdFIlyrjTTOINfvRQ=",
        "owner": "Rellikeht",
        "repo": "nix-builds",
        "rev": "055b6c6c1a7a14f51c51ec62433aeeee917a1511",
        "type": "github"
      },
      "original": {
        "dir": "breeze-hacked",
        "owner": "Rellikeht",
        "repo": "nix-builds",
        "type": "github"
      }
    },
    "chuffed": {
      "inputs": {
        "flakeUtils": "flakeUtils_2",
        "nixpkgs": "nixpkgs_2",
        "package": "package_2"
      },
      "locked": {
        "dir": "chuffed",
        "lastModified": 1732019858,
        "narHash": "sha256-tNV+d4+BrgjwHgwqjhYNbAKe3JfdFIlyrjTTOINfvRQ=",
        "owner": "Rellikeht",
        "repo": "nix-builds",
        "rev": "055b6c6c1a7a14f51c51ec62433aeeee917a1511",
        "type": "github"
      },
      "original": {
        "dir": "chuffed",
        "owner": "Rellikeht",
        "repo": "nix-builds",
        "type": "github"
      }
    },
    "chuffed_2": {
      "inputs": {
        "flakeUtils": "flakeUtils_4",
        "nixpkgs": "nixpkgs_5",
        "package": "package_3"
      },
      "locked": {
        "dir": "chuffed",
        "lastModified": 1725888379,
        "narHash": "sha256-ExwY8bzUwVWSWVkN3A1T6TfyGISykuc+Z92k396kmRw=",
        "owner": "Rellikeht",
        "repo": "nix-builds",
        "rev": "dd19903a3440f1c5b99d25fb972a9c75d696d418",
        "type": "github"
      },
      "original": {
        "dir": "chuffed",
        "owner": "Rellikeht",
        "repo": "nix-builds",
        "type": "github"
      }
    },
    "dmenu": {
      "inputs": {
        "flake-utils": "flake-utils",
        "nixpkgs": "nixpkgs_3"
      },
      "locked": {
        "lastModified": 1732006400,
        "narHash": "sha256-l+Oo1IvbC3gCGCfJcf31/34hooBRjZrYk7Gn/RwxLDc=",
        "owner": "Rellikeht",
        "repo": "dmenu",
        "rev": "e48b9ec0aee93b2f78717fc0a56dc552be0b52f4",
        "type": "github"
      },
      "original": {
        "owner": "Rellikeht",
        "repo": "dmenu",
        "type": "github"
      }
    },
    "dwm": {
      "inputs": {
        "flake-utils": "flake-utils_2",
        "nixpkgs": "nixpkgs_4"
      },
      "locked": {
        "lastModified": 1732006352,
        "narHash": "sha256-HP1XwBNVQre69GafAbNnFF9L9bZB6b3E8ZTV5iDoQ08=",
        "owner": "Rellikeht",
        "repo": "dwm",
        "rev": "c51b288b6ed7cd7ebd013eb86cb41f5a04bc29ac",
        "type": "github"
      },
      "original": {
        "owner": "Rellikeht",
        "repo": "dwm",
        "type": "github"
      }
    },
    "examples": {
      "flake": false,
      "locked": {
        "lastModified": 1724975948,
        "narHash": "sha256-8f/mtHm5CDrNE1dxCrd9TpVIhCX3XgpXw3r8EUQ6ZHE=",
        "owner": "raspberrypi",
        "repo": "pico-examples",
        "rev": "7e77a0c381863be0c49086567e7f1934d78ac591",
        "type": "github"
      },
      "original": {
        "owner": "raspberrypi",
        "repo": "pico-examples",
        "type": "github"
      }
    },
    "flake-utils": {
      "inputs": {
        "systems": "systems_3"
      },
      "locked": {
        "lastModified": 1731533236,
        "narHash": "sha256-l0KFg5HjrsfsO/JpG+r7fRrqm12kzFHyUHqHCVpMMbI=",
        "owner": "numtide",
        "repo": "flake-utils",
        "rev": "11707dc2f618dd54ca8739b309ec4fc024de578b",
        "type": "github"
      },
      "original": {
        "owner": "numtide",
        "repo": "flake-utils",
        "type": "github"
      }
    },
    "flake-utils_2": {
      "inputs": {
        "systems": "systems_4"
      },
      "locked": {
        "lastModified": 1731533236,
        "narHash": "sha256-l0KFg5HjrsfsO/JpG+r7fRrqm12kzFHyUHqHCVpMMbI=",
        "owner": "numtide",
        "repo": "flake-utils",
        "rev": "11707dc2f618dd54ca8739b309ec4fc024de578b",
        "type": "github"
      },
      "original": {
        "owner": "numtide",
        "repo": "flake-utils",
        "type": "github"
      }
    },
    "flake-utils_3": {
      "inputs": {
        "systems": "systems_9"
      },
      "locked": {
        "lastModified": 1731533236,
        "narHash": "sha256-l0KFg5HjrsfsO/JpG+r7fRrqm12kzFHyUHqHCVpMMbI=",
        "owner": "numtide",
        "repo": "flake-utils",
        "rev": "11707dc2f618dd54ca8739b309ec4fc024de578b",
        "type": "github"
      },
      "original": {
        "owner": "numtide",
        "repo": "flake-utils",
        "type": "github"
      }
    },
    "flake-utils_4": {
      "inputs": {
        "systems": "systems_10"
      },
      "locked": {
        "lastModified": 1731533236,
        "narHash": "sha256-l0KFg5HjrsfsO/JpG+r7fRrqm12kzFHyUHqHCVpMMbI=",
        "owner": "numtide",
        "repo": "flake-utils",
        "rev": "11707dc2f618dd54ca8739b309ec4fc024de578b",
        "type": "github"
      },
      "original": {
        "owner": "numtide",
        "repo": "flake-utils",
        "type": "github"
      }
    },
    "flake-utils_5": {
      "inputs": {
        "systems": "systems_11"
      },
      "locked": {
        "lastModified": 1731533236,
        "narHash": "sha256-l0KFg5HjrsfsO/JpG+r7fRrqm12kzFHyUHqHCVpMMbI=",
        "owner": "numtide",
        "repo": "flake-utils",
        "rev": "11707dc2f618dd54ca8739b309ec4fc024de578b",
        "type": "github"
      },
      "original": {
        "owner": "numtide",
        "repo": "flake-utils",
        "type": "github"
      }
    },
    "flake-utils_6": {
      "inputs": {
        "systems": "systems_15"
      },
      "locked": {
        "lastModified": 1731533236,
        "narHash": "sha256-l0KFg5HjrsfsO/JpG+r7fRrqm12kzFHyUHqHCVpMMbI=",
        "owner": "numtide",
        "repo": "flake-utils",
        "rev": "11707dc2f618dd54ca8739b309ec4fc024de578b",
        "type": "github"
      },
      "original": {
        "owner": "numtide",
        "repo": "flake-utils",
        "type": "github"
      }
    },
    "flake-utils_7": {
      "inputs": {
        "systems": "systems_17"
      },
      "locked": {
        "lastModified": 1731533236,
        "narHash": "sha256-l0KFg5HjrsfsO/JpG+r7fRrqm12kzFHyUHqHCVpMMbI=",
        "owner": "numtide",
        "repo": "flake-utils",
        "rev": "11707dc2f618dd54ca8739b309ec4fc024de578b",
        "type": "github"
      },
      "original": {
        "owner": "numtide",
        "repo": "flake-utils",
        "type": "github"
      }
    },
    "flakeUtils": {
      "inputs": {
        "systems": "systems"
      },
      "locked": {
        "lastModified": 1731533236,
        "narHash": "sha256-l0KFg5HjrsfsO/JpG+r7fRrqm12kzFHyUHqHCVpMMbI=",
        "owner": "numtide",
        "repo": "flake-utils",
        "rev": "11707dc2f618dd54ca8739b309ec4fc024de578b",
        "type": "github"
      },
      "original": {
        "owner": "numtide",
        "repo": "flake-utils",
        "type": "github"
      }
    },
    "flakeUtils_10": {
      "inputs": {
        "systems": "systems_16"
      },
      "locked": {
        "lastModified": 1731533236,
        "narHash": "sha256-l0KFg5HjrsfsO/JpG+r7fRrqm12kzFHyUHqHCVpMMbI=",
        "owner": "numtide",
        "repo": "flake-utils",
        "rev": "11707dc2f618dd54ca8739b309ec4fc024de578b",
        "type": "github"
      },
      "original": {
        "owner": "numtide",
        "repo": "flake-utils",
        "type": "github"
      }
    },
    "flakeUtils_11": {
      "inputs": {
        "systems": "systems_18"
      },
      "locked": {
        "lastModified": 1731533236,
        "narHash": "sha256-l0KFg5HjrsfsO/JpG+r7fRrqm12kzFHyUHqHCVpMMbI=",
        "owner": "numtide",
        "repo": "flake-utils",
        "rev": "11707dc2f618dd54ca8739b309ec4fc024de578b",
        "type": "github"
      },
      "original": {
        "owner": "numtide",
        "repo": "flake-utils",
        "type": "github"
      }
    },
    "flakeUtils_2": {
      "inputs": {
        "systems": "systems_2"
      },
      "locked": {
        "lastModified": 1731533236,
        "narHash": "sha256-l0KFg5HjrsfsO/JpG+r7fRrqm12kzFHyUHqHCVpMMbI=",
        "owner": "numtide",
        "repo": "flake-utils",
        "rev": "11707dc2f618dd54ca8739b309ec4fc024de578b",
        "type": "github"
      },
      "original": {
        "owner": "numtide",
        "repo": "flake-utils",
        "type": "github"
      }
    },
    "flakeUtils_3": {
      "inputs": {
        "systems": "systems_5"
      },
      "locked": {
        "lastModified": 1731533236,
        "narHash": "sha256-l0KFg5HjrsfsO/JpG+r7fRrqm12kzFHyUHqHCVpMMbI=",
        "owner": "numtide",
        "repo": "flake-utils",
        "rev": "11707dc2f618dd54ca8739b309ec4fc024de578b",
        "type": "github"
      },
      "original": {
        "owner": "numtide",
        "repo": "flake-utils",
        "type": "github"
      }
    },
    "flakeUtils_4": {
      "inputs": {
        "systems": "systems_6"
      },
      "locked": {
        "lastModified": 1710146030,
        "narHash": "sha256-SZ5L6eA7HJ/nmkzGG7/ISclqe6oZdOZTNoesiInkXPQ=",
        "owner": "numtide",
        "repo": "flake-utils",
        "rev": "b1d9ab70662946ef0850d488da1c9019f3a9752a",
        "type": "github"
      },
      "original": {
        "owner": "numtide",
        "repo": "flake-utils",
        "type": "github"
      }
    },
    "flakeUtils_5": {
      "inputs": {
        "systems": "systems_7"
      },
      "locked": {
        "lastModified": 1731533236,
        "narHash": "sha256-l0KFg5HjrsfsO/JpG+r7fRrqm12kzFHyUHqHCVpMMbI=",
        "owner": "numtide",
        "repo": "flake-utils",
        "rev": "11707dc2f618dd54ca8739b309ec4fc024de578b",
        "type": "github"
      },
      "original": {
        "owner": "numtide",
        "repo": "flake-utils",
        "type": "github"
      }
    },
    "flakeUtils_6": {
      "inputs": {
        "systems": "systems_8"
      },
      "locked": {
        "lastModified": 1731533236,
        "narHash": "sha256-l0KFg5HjrsfsO/JpG+r7fRrqm12kzFHyUHqHCVpMMbI=",
        "owner": "numtide",
        "repo": "flake-utils",
        "rev": "11707dc2f618dd54ca8739b309ec4fc024de578b",
        "type": "github"
      },
      "original": {
        "owner": "numtide",
        "repo": "flake-utils",
        "type": "github"
      }
    },
    "flakeUtils_7": {
      "inputs": {
        "systems": "systems_12"
      },
      "locked": {
        "lastModified": 1731533236,
        "narHash": "sha256-l0KFg5HjrsfsO/JpG+r7fRrqm12kzFHyUHqHCVpMMbI=",
        "owner": "numtide",
        "repo": "flake-utils",
        "rev": "11707dc2f618dd54ca8739b309ec4fc024de578b",
        "type": "github"
      },
      "original": {
        "owner": "numtide",
        "repo": "flake-utils",
        "type": "github"
      }
    },
    "flakeUtils_8": {
      "inputs": {
        "systems": "systems_13"
      },
      "locked": {
        "lastModified": 1731533236,
        "narHash": "sha256-l0KFg5HjrsfsO/JpG+r7fRrqm12kzFHyUHqHCVpMMbI=",
        "owner": "numtide",
        "repo": "flake-utils",
        "rev": "11707dc2f618dd54ca8739b309ec4fc024de578b",
        "type": "github"
      },
      "original": {
        "owner": "numtide",
        "repo": "flake-utils",
        "type": "github"
      }
    },
    "flakeUtils_9": {
      "inputs": {
        "systems": "systems_14"
      },
      "locked": {
        "lastModified": 1731533236,
        "narHash": "sha256-l0KFg5HjrsfsO/JpG+r7fRrqm12kzFHyUHqHCVpMMbI=",
        "owner": "numtide",
        "repo": "flake-utils",
        "rev": "11707dc2f618dd54ca8739b309ec4fc024de578b",
        "type": "github"
      },
      "original": {
        "owner": "numtide",
        "repo": "flake-utils",
        "type": "github"
      }
    },
    "minizinc": {
      "inputs": {
        "chuffed": "chuffed_2",
        "flakeUtils": "flakeUtils_5",
        "nixpkgs": "nixpkgs_6",
        "package": "package_4"
      },
      "locked": {
        "dir": "minizinc",
        "lastModified": 1732019858,
        "narHash": "sha256-tNV+d4+BrgjwHgwqjhYNbAKe3JfdFIlyrjTTOINfvRQ=",
        "owner": "Rellikeht",
        "repo": "nix-builds",
        "rev": "055b6c6c1a7a14f51c51ec62433aeeee917a1511",
        "type": "github"
      },
      "original": {
        "dir": "minizinc",
        "owner": "Rellikeht",
        "repo": "nix-builds",
        "type": "github"
      }
    },
    "minizinc-ide-bin": {
      "inputs": {
        "flakeUtils": "flakeUtils_6",
        "nixpkgs": "nixpkgs_7",
        "pkg-linux-x64": "pkg-linux-x64"
      },
      "locked": {
        "dir": "minizinc-ide-bin",
        "lastModified": 1732019858,
        "narHash": "sha256-tNV+d4+BrgjwHgwqjhYNbAKe3JfdFIlyrjTTOINfvRQ=",
        "owner": "Rellikeht",
        "repo": "nix-builds",
        "rev": "055b6c6c1a7a14f51c51ec62433aeeee917a1511",
        "type": "github"
      },
      "original": {
        "dir": "minizinc-ide-bin",
        "owner": "Rellikeht",
        "repo": "nix-builds",
        "type": "github"
      }
    },
    "nixpkgs": {
      "locked": {
        "lastModified": 1732019409,
        "narHash": "sha256-U4K2GWS/4WUlZ3rxjLkKjpx6mxUCiQRttrzvoCXpFAU=",
        "owner": "NixOS",
        "repo": "nixpkgs",
        "rev": "49e038512f35dc86c171ac2438d027266d0f5525",
        "type": "github"
      },
      "original": {
        "owner": "NixOS",
        "repo": "nixpkgs",
        "type": "github"
      }
    },
    "nixpkgs_10": {
      "locked": {
        "lastModified": 1732019583,
        "narHash": "sha256-PBtewJFS5PE25uXfX6MQtRnqa6B8047+yeIw1fX2thI=",
        "owner": "NixOS",
        "repo": "nixpkgs",
        "rev": "2a3b26f7148ce95f07a3106e12fbfb6b2e689de9",
        "type": "github"
      },
      "original": {
        "owner": "NixOS",
        "repo": "nixpkgs",
        "type": "github"
      }
    },
    "nixpkgs_11": {
      "locked": {
        "lastModified": 1732019583,
        "narHash": "sha256-PBtewJFS5PE25uXfX6MQtRnqa6B8047+yeIw1fX2thI=",
        "owner": "NixOS",
        "repo": "nixpkgs",
        "rev": "2a3b26f7148ce95f07a3106e12fbfb6b2e689de9",
        "type": "github"
      },
      "original": {
        "owner": "NixOS",
        "repo": "nixpkgs",
        "type": "github"
      }
    },
    "nixpkgs_12": {
      "locked": {
        "lastModified": 1732019583,
        "narHash": "sha256-PBtewJFS5PE25uXfX6MQtRnqa6B8047+yeIw1fX2thI=",
        "owner": "NixOS",
        "repo": "nixpkgs",
        "rev": "2a3b26f7148ce95f07a3106e12fbfb6b2e689de9",
        "type": "github"
      },
      "original": {
        "owner": "NixOS",
        "repo": "nixpkgs",
        "type": "github"
      }
    },
    "nixpkgs_13": {
      "locked": {
        "lastModified": 1732019409,
        "narHash": "sha256-U4K2GWS/4WUlZ3rxjLkKjpx6mxUCiQRttrzvoCXpFAU=",
        "owner": "NixOS",
        "repo": "nixpkgs",
        "rev": "49e038512f35dc86c171ac2438d027266d0f5525",
        "type": "github"
      },
      "original": {
        "owner": "NixOS",
        "repo": "nixpkgs",
        "type": "github"
      }
    },
    "nixpkgs_14": {
      "locked": {
        "lastModified": 1732019409,
        "narHash": "sha256-U4K2GWS/4WUlZ3rxjLkKjpx6mxUCiQRttrzvoCXpFAU=",
        "owner": "NixOS",
        "repo": "nixpkgs",
        "rev": "49e038512f35dc86c171ac2438d027266d0f5525",
        "type": "github"
      },
      "original": {
        "owner": "NixOS",
        "repo": "nixpkgs",
        "type": "github"
      }
    },
    "nixpkgs_15": {
      "locked": {
        "lastModified": 1732005932,
        "narHash": "sha256-/8guOSUxZ7IF/avbuEnefXIHk33Po9IW/arxAk6pBqQ=",
        "owner": "NixOS",
        "repo": "nixpkgs",
        "rev": "55f94d9fdaaa890eb106d2a67c218550950ad929",
        "type": "github"
      },
      "original": {
        "owner": "NixOS",
        "repo": "nixpkgs",
        "type": "github"
      }
    },
    "nixpkgs_16": {
      "locked": {
        "lastModified": 1732008740,
        "narHash": "sha256-NnrrKaz7ULzu2/tocASqBjJXdI1VpUiAgOCrMm2GfHI=",
        "owner": "NixOS",
        "repo": "nixpkgs",
        "rev": "837d7d1f7d0c6ba3c1432f592441bfc642af0dd7",
        "type": "github"
      },
      "original": {
        "owner": "NixOS",
        "repo": "nixpkgs",
        "type": "github"
      }
    },
    "nixpkgs_17": {
      "locked": {
        "lastModified": 1732005932,
        "narHash": "sha256-/8guOSUxZ7IF/avbuEnefXIHk33Po9IW/arxAk6pBqQ=",
        "owner": "NixOS",
        "repo": "nixpkgs",
        "rev": "55f94d9fdaaa890eb106d2a67c218550950ad929",
        "type": "github"
      },
      "original": {
        "owner": "NixOS",
        "repo": "nixpkgs",
        "type": "github"
      }
    },
    "nixpkgs_18": {
      "locked": {
        "lastModified": 1732019409,
        "narHash": "sha256-U4K2GWS/4WUlZ3rxjLkKjpx6mxUCiQRttrzvoCXpFAU=",
        "owner": "NixOS",
        "repo": "nixpkgs",
        "rev": "49e038512f35dc86c171ac2438d027266d0f5525",
        "type": "github"
      },
      "original": {
        "owner": "NixOS",
        "repo": "nixpkgs",
        "type": "github"
      }
    },
    "nixpkgs_2": {
      "locked": {
        "lastModified": 1732019409,
        "narHash": "sha256-U4K2GWS/4WUlZ3rxjLkKjpx6mxUCiQRttrzvoCXpFAU=",
        "owner": "NixOS",
        "repo": "nixpkgs",
        "rev": "49e038512f35dc86c171ac2438d027266d0f5525",
        "type": "github"
      },
      "original": {
        "owner": "NixOS",
        "repo": "nixpkgs",
        "type": "github"
      }
    },
    "nixpkgs_3": {
      "locked": {
        "lastModified": 1732005932,
        "narHash": "sha256-/8guOSUxZ7IF/avbuEnefXIHk33Po9IW/arxAk6pBqQ=",
        "owner": "NixOS",
        "repo": "nixpkgs",
        "rev": "55f94d9fdaaa890eb106d2a67c218550950ad929",
        "type": "github"
      },
      "original": {
        "owner": "NixOS",
        "repo": "nixpkgs",
        "type": "github"
      }
    },
    "nixpkgs_4": {
      "locked": {
        "lastModified": 1732005932,
        "narHash": "sha256-/8guOSUxZ7IF/avbuEnefXIHk33Po9IW/arxAk6pBqQ=",
        "owner": "NixOS",
        "repo": "nixpkgs",
        "rev": "55f94d9fdaaa890eb106d2a67c218550950ad929",
        "type": "github"
      },
      "original": {
        "owner": "NixOS",
        "repo": "nixpkgs",
        "type": "github"
      }
    },
    "nixpkgs_5": {
      "locked": {
        "lastModified": 1725811211,
        "narHash": "sha256-4APxIB8c4c8UmQCr2DHigI+ncLZBONWl1Cww350F80E=",
        "owner": "NixOS",
        "repo": "nixpkgs",
        "rev": "828b7b46725ae161db7ce0f7e4cb73534aec83a0",
        "type": "github"
      },
      "original": {
        "owner": "NixOS",
        "repo": "nixpkgs",
        "type": "github"
      }
    },
    "nixpkgs_6": {
      "locked": {
        "lastModified": 1732019409,
        "narHash": "sha256-U4K2GWS/4WUlZ3rxjLkKjpx6mxUCiQRttrzvoCXpFAU=",
        "owner": "NixOS",
        "repo": "nixpkgs",
        "rev": "49e038512f35dc86c171ac2438d027266d0f5525",
        "type": "github"
      },
      "original": {
        "owner": "NixOS",
        "repo": "nixpkgs",
        "type": "github"
      }
    },
    "nixpkgs_7": {
      "locked": {
        "lastModified": 1732019409,
        "narHash": "sha256-U4K2GWS/4WUlZ3rxjLkKjpx6mxUCiQRttrzvoCXpFAU=",
        "owner": "NixOS",
        "repo": "nixpkgs",
        "rev": "49e038512f35dc86c171ac2438d027266d0f5525",
        "type": "github"
      },
      "original": {
        "owner": "NixOS",
        "repo": "nixpkgs",
        "type": "github"
      }
    },
    "nixpkgs_8": {
      "locked": {
        "lastModified": 1732019583,
        "narHash": "sha256-PBtewJFS5PE25uXfX6MQtRnqa6B8047+yeIw1fX2thI=",
        "owner": "NixOS",
        "repo": "nixpkgs",
        "rev": "2a3b26f7148ce95f07a3106e12fbfb6b2e689de9",
        "type": "github"
      },
      "original": {
        "owner": "NixOS",
        "repo": "nixpkgs",
        "type": "github"
      }
    },
    "nixpkgs_9": {
      "locked": {
        "lastModified": 1732019583,
        "narHash": "sha256-PBtewJFS5PE25uXfX6MQtRnqa6B8047+yeIw1fX2thI=",
        "owner": "NixOS",
        "repo": "nixpkgs",
        "rev": "2a3b26f7148ce95f07a3106e12fbfb6b2e689de9",
        "type": "github"
      },
      "original": {
        "owner": "NixOS",
        "repo": "nixpkgs",
        "type": "github"
      }
    },
    "package": {
      "flake": false,
      "locked": {
        "lastModified": 1706459405,
        "narHash": "sha256-gm50qgHdbjDYMz/ksbDD8tMqY9AqJ23DKl4rPFNEDX8=",
        "owner": "clayrisser",
        "repo": "breeze-hacked-cursor-theme",
        "rev": "79dcc8925136ebe12612c6f124036c1aa816ebbe",
        "type": "github"
      },
      "original": {
        "owner": "clayrisser",
        "repo": "breeze-hacked-cursor-theme",
        "type": "github"
      }
    },
    "package_2": {
      "flake": false,
      "locked": {
        "lastModified": 1731960365,
        "narHash": "sha256-0yJDZ9eavMp7Q0NUUpX0ScMjZvy9plR9nzC2EoDRags=",
        "owner": "chuffed",
        "repo": "chuffed",
        "rev": "0d7d38bd623e1326f488f656f97fd69fb5173102",
        "type": "github"
      },
      "original": {
        "owner": "chuffed",
        "repo": "chuffed",
        "type": "github"
      }
    },
    "package_3": {
      "flake": false,
      "locked": {
        "lastModified": 1724646568,
        "narHash": "sha256-MAml+BMb10YHRDYsxln5FT6ab/5+SK4wmoJWq45VOy8=",
        "owner": "chuffed",
        "repo": "chuffed",
        "rev": "eb2e7610cc9eed949c3f38737aa4cf9962871e19",
        "type": "github"
      },
      "original": {
        "owner": "chuffed",
        "repo": "chuffed",
        "type": "github"
      }
    },
    "package_4": {
      "flake": false,
      "locked": {
        "lastModified": 1727847236,
        "narHash": "sha256-2JCTOgnzGeh106YBkLPM46MgnB4XHZmdMXNn1P0OBqA=",
        "owner": "MiniZinc",
        "repo": "libminizinc",
        "rev": "718bf0be44373fbbf1341d9655e4730db0d609f0",
        "type": "github"
      },
      "original": {
        "owner": "MiniZinc",
        "repo": "libminizinc",
        "type": "github"
      }
    },
    "package_5": {
      "flake": false,
      "locked": {
        "lastModified": 1727408234,
        "narHash": "sha256-zmiv007/am9KnxpauelNNrfdJuJSqmDspLKqP6pCjIs=",
        "owner": "playit-cloud",
        "repo": "playit-agent",
        "rev": "e6a7b4e10e6214edf5b00349a107e18b5b8d10f5",
        "type": "github"
      },
      "original": {
        "owner": "playit-cloud",
        "repo": "playit-agent",
        "type": "github"
      }
    },
    "package_6": {
      "flake": false,
      "locked": {
        "narHash": "sha256-+pLRGbOl6dg/4B1/uAeKhjWDfhCJAERjpKrYuhL/cLc=",
        "type": "file",
        "url": "https://github.com/ufo5260987423/scheme-langserver/releases/download/1.1.1/run"
      },
      "original": {
        "type": "file",
        "url": "https://github.com/ufo5260987423/scheme-langserver/releases/download/1.1.1/run"
      }
    },
    "pico-examples": {
      "inputs": {
        "examples": "examples",
        "flake-utils": "flake-utils_3",
        "nixpkgs": "nixpkgs_9",
        "sdk": "sdk"
      },
      "locked": {
        "dir": "pico-examples",
        "lastModified": 1732019858,
        "narHash": "sha256-tNV+d4+BrgjwHgwqjhYNbAKe3JfdFIlyrjTTOINfvRQ=",
        "owner": "Rellikeht",
        "repo": "nix-builds",
        "rev": "055b6c6c1a7a14f51c51ec62433aeeee917a1511",
        "type": "github"
      },
      "original": {
        "dir": "pico-examples",
        "owner": "Rellikeht",
        "repo": "nix-builds",
        "type": "github"
      }
    },
    "pico-sdk": {
      "inputs": {
        "flake-utils": "flake-utils_5",
        "nixpkgs": "nixpkgs_11",
        "pinout": "pinout_2",
        "sdk": "sdk_3"
      },
      "locked": {
        "dir": "pico-sdk",
        "lastModified": 1732019858,
        "narHash": "sha256-tNV+d4+BrgjwHgwqjhYNbAKe3JfdFIlyrjTTOINfvRQ=",
        "owner": "Rellikeht",
        "repo": "nix-builds",
        "rev": "055b6c6c1a7a14f51c51ec62433aeeee917a1511",
        "type": "github"
      },
      "original": {
        "dir": "pico-sdk",
        "owner": "Rellikeht",
        "repo": "nix-builds",
        "type": "github"
      }
    },
    "pinout": {
      "flake": false,
      "locked": {
        "narHash": "sha256-Aikbi317COBedPgVe090WwaSrRuTPYHEnOS9nohBNDQ=",
        "type": "file",
        "url": "https://gabmus.org/pico_pinout"
      },
      "original": {
        "type": "file",
        "url": "https://gabmus.org/pico_pinout"
      }
    },
    "pinout_2": {
      "flake": false,
      "locked": {
        "narHash": "sha256-Aikbi317COBedPgVe090WwaSrRuTPYHEnOS9nohBNDQ=",
        "type": "file",
        "url": "https://gabmus.org/pico_pinout"
      },
      "original": {
        "type": "file",
        "url": "https://gabmus.org/pico_pinout"
      }
    },
    "pkg-linux-a32": {
      "flake": false,
      "locked": {
        "narHash": "sha256-xykdXw4WvK5EQ9tOKllOrdWW8j11HlFUWQxTEjBa98s=",
        "type": "file",
        "url": "https://github.com/playit-cloud/playit-agent/releases/download/v0.15.13/playit-linux-armv7"
      },
      "original": {
        "type": "file",
        "url": "https://github.com/playit-cloud/playit-agent/releases/download/v0.15.13/playit-linux-armv7"
      }
    },
    "pkg-linux-a64": {
      "flake": false,
      "locked": {
        "narHash": "sha256-6dCEjRw/TwUEmcoJzcGcgUj5KISjLFpx14N8tfs2HLI=",
        "type": "file",
        "url": "https://github.com/playit-cloud/playit-agent/releases/download/v0.15.13/playit-linux-aarch64"
      },
      "original": {
        "type": "file",
        "url": "https://github.com/playit-cloud/playit-agent/releases/download/v0.15.13/playit-linux-aarch64"
      }
    },
    "pkg-linux-x64": {
      "flake": false,
      "locked": {
        "lastModified": 1717380604,
        "narHash": "sha256-b05JR7QhbPTzZYOI5bxpEfipCJwf/peHxWUs3rFCN1Q=",
        "type": "tarball",
        "url": "https://github.com/MiniZinc/MiniZincIDE/releases/download/2.8.5/MiniZincIDE-2.8.5-bundle-linux-x86_64.tgz"
      },
      "original": {
        "type": "tarball",
        "url": "https://github.com/MiniZinc/MiniZincIDE/releases/download/2.8.5/MiniZincIDE-2.8.5-bundle-linux-x86_64.tgz"
      }
    },
    "pkg-linux-x64_2": {
      "flake": false,
      "locked": {
        "narHash": "sha256-uU/jHFwxEmdd/YdfJkhZ0rDUkJJ/3T5vThsc4GNOqoE=",
        "type": "file",
        "url": "https://github.com/playit-cloud/playit-agent/releases/download/v0.15.13/playit-linux-amd64"
      },
      "original": {
        "type": "file",
        "url": "https://github.com/playit-cloud/playit-agent/releases/download/v0.15.13/playit-linux-amd64"
      }
    },
    "pkg-linux-x86": {
      "flake": false,
      "locked": {
        "narHash": "sha256-K4KcIGmX8GF/NzaaOq8lte63SMXe0TH0tHYbeat08ww=",
        "type": "file",
        "url": "https://github.com/playit-cloud/playit-agent/releases/download/v0.15.13/playit-linux-i686"
      },
      "original": {
        "type": "file",
        "url": "https://github.com/playit-cloud/playit-agent/releases/download/v0.15.13/playit-linux-i686"
      }
    },
    "playit": {
      "inputs": {
        "flakeUtils": "flakeUtils_7",
        "nixpkgs": "nixpkgs_12",
        "package": "package_5"
      },
      "locked": {
        "dir": "playit",
        "lastModified": 1732019858,
        "narHash": "sha256-tNV+d4+BrgjwHgwqjhYNbAKe3JfdFIlyrjTTOINfvRQ=",
        "owner": "Rellikeht",
        "repo": "nix-builds",
        "rev": "055b6c6c1a7a14f51c51ec62433aeeee917a1511",
        "type": "github"
      },
      "original": {
        "dir": "playit",
        "owner": "Rellikeht",
        "repo": "nix-builds",
        "type": "github"
      }
    },
    "playit-bin": {
      "inputs": {
        "flakeUtils": "flakeUtils_8",
        "nixpkgs": "nixpkgs_13",
        "pkg-linux-a32": "pkg-linux-a32",
        "pkg-linux-a64": "pkg-linux-a64",
        "pkg-linux-x64": "pkg-linux-x64_2",
        "pkg-linux-x86": "pkg-linux-x86"
      },
      "locked": {
        "dir": "playit-bin",
        "lastModified": 1732019858,
        "narHash": "sha256-tNV+d4+BrgjwHgwqjhYNbAKe3JfdFIlyrjTTOINfvRQ=",
        "owner": "Rellikeht",
        "repo": "nix-builds",
        "rev": "055b6c6c1a7a14f51c51ec62433aeeee917a1511",
        "type": "github"
      },
      "original": {
        "dir": "playit-bin",
        "owner": "Rellikeht",
        "repo": "nix-builds",
        "type": "github"
      }
    },
    "root": {
      "inputs": {
        "breeze-hacked": "breeze-hacked",
        "chuffed": "chuffed",
        "dmenu": "dmenu",
        "dwm": "dwm",
        "flakeUtils": "flakeUtils_3",
        "minizinc": "minizinc",
        "minizinc-ide-bin": "minizinc-ide-bin",
        "nixpkgs": "nixpkgs_8",
        "pico-examples": "pico-examples",
        "pico-sdk": "pico-sdk",
        "playit": "playit",
        "playit-bin": "playit-bin",
        "scheme-langserver-bin": "scheme-langserver-bin",
        "st": "st",
        "svim": "svim",
        "tabbed": "tabbed",
        "xinit-xsession": "xinit-xsession"
      }
    },
    "scheme-langserver-bin": {
      "inputs": {
        "flakeUtils": "flakeUtils_9",
        "nixpkgs": "nixpkgs_14",
        "package": "package_6"
      },
      "locked": {
        "dir": "scheme-langserver-bin",
        "lastModified": 1732019858,
        "narHash": "sha256-tNV+d4+BrgjwHgwqjhYNbAKe3JfdFIlyrjTTOINfvRQ=",
        "owner": "Rellikeht",
        "repo": "nix-builds",
        "rev": "055b6c6c1a7a14f51c51ec62433aeeee917a1511",
        "type": "github"
      },
      "original": {
        "dir": "scheme-langserver-bin",
        "owner": "Rellikeht",
        "repo": "nix-builds",
        "type": "github"
      }
    },
    "sdk": {
      "inputs": {
        "flake-utils": "flake-utils_4",
        "nixpkgs": "nixpkgs_10",
        "pinout": "pinout",
        "sdk": "sdk_2"
      },
      "locked": {
        "dir": "pico-sdk",
        "lastModified": 1732019829,
        "narHash": "sha256-OycSQ2/0vIfP2M4U4458ZKAhqKCZSLAKd7+7Y+A6ANI=",
        "owner": "Rellikeht",
        "repo": "nix-builds",
        "rev": "8801bc0fce9f173e0ebb4f1bb2405440fd995048",
        "type": "github"
      },
      "original": {
        "dir": "pico-sdk",
        "owner": "Rellikeht",
        "repo": "nix-builds",
        "type": "github"
      }
    },
    "sdk_2": {
      "flake": false,
      "locked": {
        "lastModified": 1723125278,
        "narHash": "sha256-fVSpBVmjeP5pwkSPhhSCfBaEr/FEtA82mQOe/cHFh0A=",
        "ref": "refs/heads/master",
        "rev": "efe2103f9b28458a1615ff096054479743ade236",
        "revCount": 828,
        "submodules": true,
        "type": "git",
        "url": "https://github.com/raspberrypi/pico-sdk"
      },
      "original": {
        "submodules": true,
        "type": "git",
        "url": "https://github.com/raspberrypi/pico-sdk"
      }
    },
    "sdk_3": {
      "flake": false,
      "locked": {
        "lastModified": 1723125278,
        "narHash": "sha256-fVSpBVmjeP5pwkSPhhSCfBaEr/FEtA82mQOe/cHFh0A=",
        "ref": "refs/heads/master",
        "rev": "efe2103f9b28458a1615ff096054479743ade236",
        "revCount": 828,
        "submodules": true,
        "type": "git",
        "url": "https://github.com/raspberrypi/pico-sdk"
      },
      "original": {
        "submodules": true,
        "type": "git",
        "url": "https://github.com/raspberrypi/pico-sdk"
      }
    },
    "st": {
      "inputs": {
        "flake-utils": "flake-utils_6",
        "nixpkgs": "nixpkgs_15"
      },
      "locked": {
        "lastModified": 1732006377,
        "narHash": "sha256-4oBbqeKgE4NvDSUFq2mD6hPCpzhXcVV/9R+V+9jhgb4=",
        "owner": "Rellikeht",
        "repo": "st",
        "rev": "3a94eca105db33d1b273a16c168e6308534b7008",
        "type": "github"
      },
      "original": {
        "owner": "Rellikeht",
        "repo": "st",
        "type": "github"
      }
    },
    "svim": {
      "inputs": {
        "flakeUtils": "flakeUtils_10",
        "nixpkgs": "nixpkgs_16",
        "vim": "vim"
      },
      "locked": {
        "lastModified": 1732015745,
        "narHash": "sha256-46lGlkJ+DfVLXbItoSIxaEYKDoaQ5yLoprIcK3z+Oew=",
        "owner": "Rellikeht",
        "repo": "svim-comptools",
        "rev": "b6981b72d2ccf35aefeaf52b8d9121ef8c40933a",
        "type": "github"
      },
      "original": {
        "owner": "Rellikeht",
        "repo": "svim-comptools",
        "type": "github"
      }
    },
    "systems": {
      "locked": {
        "lastModified": 1681028828,
        "narHash": "sha256-Vy1rq5AaRuLzOxct8nz4T6wlgyUR7zLU309k9mBC768=",
        "owner": "nix-systems",
        "repo": "default",
        "rev": "da67096a3b9bf56a91d16901293e51ba5b49a27e",
        "type": "github"
      },
      "original": {
        "owner": "nix-systems",
        "repo": "default",
        "type": "github"
      }
    },
    "systems_10": {
      "locked": {
        "lastModified": 1681028828,
        "narHash": "sha256-Vy1rq5AaRuLzOxct8nz4T6wlgyUR7zLU309k9mBC768=",
        "owner": "nix-systems",
        "repo": "default",
        "rev": "da67096a3b9bf56a91d16901293e51ba5b49a27e",
        "type": "github"
      },
      "original": {
        "owner": "nix-systems",
        "repo": "default",
        "type": "github"
      }
    },
    "systems_11": {
      "locked": {
        "lastModified": 1681028828,
        "narHash": "sha256-Vy1rq5AaRuLzOxct8nz4T6wlgyUR7zLU309k9mBC768=",
        "owner": "nix-systems",
        "repo": "default",
        "rev": "da67096a3b9bf56a91d16901293e51ba5b49a27e",
        "type": "github"
      },
      "original": {
        "owner": "nix-systems",
        "repo": "default",
        "type": "github"
      }
    },
    "systems_12": {
      "locked": {
        "lastModified": 1681028828,
        "narHash": "sha256-Vy1rq5AaRuLzOxct8nz4T6wlgyUR7zLU309k9mBC768=",
        "owner": "nix-systems",
        "repo": "default",
        "rev": "da67096a3b9bf56a91d16901293e51ba5b49a27e",
        "type": "github"
      },
      "original": {
        "owner": "nix-systems",
        "repo": "default",
        "type": "github"
      }
    },
    "systems_13": {
      "locked": {
        "lastModified": 1681028828,
        "narHash": "sha256-Vy1rq5AaRuLzOxct8nz4T6wlgyUR7zLU309k9mBC768=",
        "owner": "nix-systems",
        "repo": "default",
        "rev": "da67096a3b9bf56a91d16901293e51ba5b49a27e",
        "type": "github"
      },
      "original": {
        "owner": "nix-systems",
        "repo": "default",
        "type": "github"
      }
    },
    "systems_14": {
      "locked": {
        "lastModified": 1681028828,
        "narHash": "sha256-Vy1rq5AaRuLzOxct8nz4T6wlgyUR7zLU309k9mBC768=",
        "owner": "nix-systems",
        "repo": "default",
        "rev": "da67096a3b9bf56a91d16901293e51ba5b49a27e",
        "type": "github"
      },
      "original": {
        "owner": "nix-systems",
        "repo": "default",
        "type": "github"
      }
    },
    "systems_15": {
      "locked": {
        "lastModified": 1681028828,
        "narHash": "sha256-Vy1rq5AaRuLzOxct8nz4T6wlgyUR7zLU309k9mBC768=",
        "owner": "nix-systems",
        "repo": "default",
        "rev": "da67096a3b9bf56a91d16901293e51ba5b49a27e",
        "type": "github"
      },
      "original": {
        "owner": "nix-systems",
        "repo": "default",
        "type": "github"
      }
    },
    "systems_16": {
      "locked": {
        "lastModified": 1681028828,
        "narHash": "sha256-Vy1rq5AaRuLzOxct8nz4T6wlgyUR7zLU309k9mBC768=",
        "owner": "nix-systems",
        "repo": "default",
        "rev": "da67096a3b9bf56a91d16901293e51ba5b49a27e",
        "type": "github"
      },
      "original": {
        "owner": "nix-systems",
        "repo": "default",
        "type": "github"
      }
    },
    "systems_17": {
      "locked": {
        "lastModified": 1681028828,
        "narHash": "sha256-Vy1rq5AaRuLzOxct8nz4T6wlgyUR7zLU309k9mBC768=",
        "owner": "nix-systems",
        "repo": "default",
        "rev": "da67096a3b9bf56a91d16901293e51ba5b49a27e",
        "type": "github"
      },
      "original": {
        "owner": "nix-systems",
        "repo": "default",
        "type": "github"
      }
    },
    "systems_18": {
      "locked": {
        "lastModified": 1681028828,
        "narHash": "sha256-Vy1rq5AaRuLzOxct8nz4T6wlgyUR7zLU309k9mBC768=",
        "owner": "nix-systems",
        "repo": "default",
        "rev": "da67096a3b9bf56a91d16901293e51ba5b49a27e",
        "type": "github"
      },
      "original": {
        "owner": "nix-systems",
        "repo": "default",
        "type": "github"
      }
    },
    "systems_2": {
      "locked": {
        "lastModified": 1681028828,
        "narHash": "sha256-Vy1rq5AaRuLzOxct8nz4T6wlgyUR7zLU309k9mBC768=",
        "owner": "nix-systems",
        "repo": "default",
        "rev": "da67096a3b9bf56a91d16901293e51ba5b49a27e",
        "type": "github"
      },
      "original": {
        "owner": "nix-systems",
        "repo": "default",
        "type": "github"
      }
    },
    "systems_3": {
      "locked": {
        "lastModified": 1681028828,
        "narHash": "sha256-Vy1rq5AaRuLzOxct8nz4T6wlgyUR7zLU309k9mBC768=",
        "owner": "nix-systems",
        "repo": "default",
        "rev": "da67096a3b9bf56a91d16901293e51ba5b49a27e",
        "type": "github"
      },
      "original": {
        "owner": "nix-systems",
        "repo": "default",
        "type": "github"
      }
    },
    "systems_4": {
      "locked": {
        "lastModified": 1681028828,
        "narHash": "sha256-Vy1rq5AaRuLzOxct8nz4T6wlgyUR7zLU309k9mBC768=",
        "owner": "nix-systems",
        "repo": "default",
        "rev": "da67096a3b9bf56a91d16901293e51ba5b49a27e",
        "type": "github"
      },
      "original": {
        "owner": "nix-systems",
        "repo": "default",
        "type": "github"
      }
    },
    "systems_5": {
      "locked": {
        "lastModified": 1681028828,
        "narHash": "sha256-Vy1rq5AaRuLzOxct8nz4T6wlgyUR7zLU309k9mBC768=",
        "owner": "nix-systems",
        "repo": "default",
        "rev": "da67096a3b9bf56a91d16901293e51ba5b49a27e",
        "type": "github"
      },
      "original": {
        "owner": "nix-systems",
        "repo": "default",
        "type": "github"
      }
    },
    "systems_6": {
      "locked": {
        "lastModified": 1681028828,
        "narHash": "sha256-Vy1rq5AaRuLzOxct8nz4T6wlgyUR7zLU309k9mBC768=",
        "owner": "nix-systems",
        "repo": "default",
        "rev": "da67096a3b9bf56a91d16901293e51ba5b49a27e",
        "type": "github"
      },
      "original": {
        "owner": "nix-systems",
        "repo": "default",
        "type": "github"
      }
    },
    "systems_7": {
      "locked": {
        "lastModified": 1681028828,
        "narHash": "sha256-Vy1rq5AaRuLzOxct8nz4T6wlgyUR7zLU309k9mBC768=",
        "owner": "nix-systems",
        "repo": "default",
        "rev": "da67096a3b9bf56a91d16901293e51ba5b49a27e",
        "type": "github"
      },
      "original": {
        "owner": "nix-systems",
        "repo": "default",
        "type": "github"
      }
    },
    "systems_8": {
      "locked": {
        "lastModified": 1681028828,
        "narHash": "sha256-Vy1rq5AaRuLzOxct8nz4T6wlgyUR7zLU309k9mBC768=",
        "owner": "nix-systems",
        "repo": "default",
        "rev": "da67096a3b9bf56a91d16901293e51ba5b49a27e",
        "type": "github"
      },
      "original": {
        "owner": "nix-systems",
        "repo": "default",
        "type": "github"
      }
    },
    "systems_9": {
      "locked": {
        "lastModified": 1681028828,
        "narHash": "sha256-Vy1rq5AaRuLzOxct8nz4T6wlgyUR7zLU309k9mBC768=",
        "owner": "nix-systems",
        "repo": "default",
        "rev": "da67096a3b9bf56a91d16901293e51ba5b49a27e",
        "type": "github"
      },
      "original": {
        "owner": "nix-systems",
        "repo": "default",
        "type": "github"
      }
    },
    "tabbed": {
      "inputs": {
        "flake-utils": "flake-utils_7",
        "nixpkgs": "nixpkgs_17"
      },
      "locked": {
        "lastModified": 1732006382,
        "narHash": "sha256-vFLJXOaJ8PCXlh7MnCAU/I1r4iSxRqBofTZEJn9OmCY=",
        "owner": "Rellikeht",
        "repo": "tabbed",
        "rev": "57a0a9f9d2851142327ef578b5ce8a34c152dfcc",
        "type": "github"
      },
      "original": {
        "owner": "Rellikeht",
        "repo": "tabbed",
        "type": "github"
      }
    },
    "vim": {
      "flake": false,
      "locked": {
        "lastModified": 1731962191,
        "narHash": "sha256-MXC3CHBZZCqWB3L+0sa+dUT/xejON4vXZIKobTiayJQ=",
        "owner": "vim",
        "repo": "vim",
        "rev": "a87462a498a883e12ad7699b26bd28f4600b68c6",
        "type": "github"
      },
      "original": {
        "owner": "vim",
        "repo": "vim",
        "type": "github"
      }
    },
    "xinit-xsession": {
      "inputs": {
        "flakeUtils": "flakeUtils_11",
        "nixpkgs": "nixpkgs_18"
      },
      "locked": {
        "dir": "xinit-xsession",
        "lastModified": 1732019858,
        "narHash": "sha256-tNV+d4+BrgjwHgwqjhYNbAKe3JfdFIlyrjTTOINfvRQ=",
        "owner": "Rellikeht",
        "repo": "nix-builds",
        "rev": "055b6c6c1a7a14f51c51ec62433aeeee917a1511",
        "type": "github"
      },
      "original": {
        "dir": "xinit-xsession",
        "owner": "Rellikeht",
        "repo": "nix-builds",
        "type": "github"
      }
    }
  },
  "root": "root",
  "version": 7
}
