{
  "nodes": {
    "chuffed": {
      "inputs": {
        "flakeUtils": "flakeUtils",
        "nixpkgs": "nixpkgs",
        "package": "package"
      },
      "locked": {
        "dir": "chuffed",
        "lastModified": 1760181381,
        "narHash": "sha256-Pm/kiDqmlutYuuIknHtiA2oHjWPDgufh3WC2f9yGOYQ=",
        "owner": "Rellikeht",
        "repo": "nix-builds",
        "rev": "330c785304d606e0df517e8dc29a75f7d3bed8f1",
        "type": "github"
      },
      "original": {
        "dir": "chuffed",
        "owner": "Rellikeht",
        "repo": "nix-builds",
        "type": "github"
      }
    },
    "chuffed_2": {
      "inputs": {
        "flakeUtils": "flakeUtils_3",
        "nixpkgs": "nixpkgs_4",
        "package": "package_2"
      },
      "locked": {
        "dir": "chuffed",
        "lastModified": 1758787351,
        "narHash": "sha256-nCzMNu/0m4gYYpvaTnJ4JIrDlXbiyKCyHbL/x0PUGms=",
        "owner": "Rellikeht",
        "repo": "nix-builds",
        "rev": "49d0b20b76e3e9b0d5f1c57e08b1b5ade353bc2a",
        "type": "github"
      },
      "original": {
        "dir": "chuffed",
        "owner": "Rellikeht",
        "repo": "nix-builds",
        "type": "github"
      }
    },
    "dmenu": {
      "inputs": {
        "flake-utils": "flake-utils",
        "nixpkgs": "nixpkgs_2"
      },
      "locked": {
        "lastModified": 1760181173,
        "narHash": "sha256-/qcpnBplahoY04cPNdBPviLwQ65BwhScpXvYaRLEqws=",
        "owner": "Rellikeht",
        "repo": "dmenu",
        "rev": "bed6f50d46a6b4699ec89df351e4386bbb32a6a5",
        "type": "github"
      },
      "original": {
        "owner": "Rellikeht",
        "repo": "dmenu",
        "type": "github"
      }
    },
    "dwm": {
      "inputs": {
        "flake-utils": "flake-utils_2",
        "nixpkgs": "nixpkgs_3"
      },
      "locked": {
        "lastModified": 1760181180,
        "narHash": "sha256-JYZmprgIHUoAnAIXsA5cTCDbxCVjE6qhJbe7t6us4rg=",
        "owner": "Rellikeht",
        "repo": "dwm",
        "rev": "c3815d4badf73570b4d9064b3765ebf5208fd82f",
        "type": "github"
      },
      "original": {
        "owner": "Rellikeht",
        "repo": "dwm",
        "type": "github"
      }
    },
    "flake-utils": {
      "inputs": {
        "systems": "systems_2"
      },
      "locked": {
        "lastModified": 1731533236,
        "narHash": "sha256-l0KFg5HjrsfsO/JpG+r7fRrqm12kzFHyUHqHCVpMMbI=",
        "owner": "numtide",
        "repo": "flake-utils",
        "rev": "11707dc2f618dd54ca8739b309ec4fc024de578b",
        "type": "github"
      },
      "original": {
        "owner": "numtide",
        "repo": "flake-utils",
        "type": "github"
      }
    },
    "flake-utils_2": {
      "inputs": {
        "systems": "systems_3"
      },
      "locked": {
        "lastModified": 1731533236,
        "narHash": "sha256-l0KFg5HjrsfsO/JpG+r7fRrqm12kzFHyUHqHCVpMMbI=",
        "owner": "numtide",
        "repo": "flake-utils",
        "rev": "11707dc2f618dd54ca8739b309ec4fc024de578b",
        "type": "github"
      },
      "original": {
        "owner": "numtide",
        "repo": "flake-utils",
        "type": "github"
      }
    },
    "flake-utils_3": {
      "inputs": {
        "systems": "systems_8"
      },
      "locked": {
        "lastModified": 1731533236,
        "narHash": "sha256-l0KFg5HjrsfsO/JpG+r7fRrqm12kzFHyUHqHCVpMMbI=",
        "owner": "numtide",
        "repo": "flake-utils",
        "rev": "11707dc2f618dd54ca8739b309ec4fc024de578b",
        "type": "github"
      },
      "original": {
        "owner": "numtide",
        "repo": "flake-utils",
        "type": "github"
      }
    },
    "flake-utils_4": {
      "inputs": {
        "systems": "systems_12"
      },
      "locked": {
        "lastModified": 1731533236,
        "narHash": "sha256-l0KFg5HjrsfsO/JpG+r7fRrqm12kzFHyUHqHCVpMMbI=",
        "owner": "numtide",
        "repo": "flake-utils",
        "rev": "11707dc2f618dd54ca8739b309ec4fc024de578b",
        "type": "github"
      },
      "original": {
        "owner": "numtide",
        "repo": "flake-utils",
        "type": "github"
      }
    },
    "flake-utils_5": {
      "inputs": {
        "systems": "systems_14"
      },
      "locked": {
        "lastModified": 1731533236,
        "narHash": "sha256-l0KFg5HjrsfsO/JpG+r7fRrqm12kzFHyUHqHCVpMMbI=",
        "owner": "numtide",
        "repo": "flake-utils",
        "rev": "11707dc2f618dd54ca8739b309ec4fc024de578b",
        "type": "github"
      },
      "original": {
        "owner": "numtide",
        "repo": "flake-utils",
        "type": "github"
      }
    },
    "flakeUtils": {
      "inputs": {
        "systems": "systems"
      },
      "locked": {
        "lastModified": 1731533236,
        "narHash": "sha256-l0KFg5HjrsfsO/JpG+r7fRrqm12kzFHyUHqHCVpMMbI=",
        "owner": "numtide",
        "repo": "flake-utils",
        "rev": "11707dc2f618dd54ca8739b309ec4fc024de578b",
        "type": "github"
      },
      "original": {
        "owner": "numtide",
        "repo": "flake-utils",
        "type": "github"
      }
    },
    "flakeUtils_10": {
      "inputs": {
        "systems": "systems_15"
      },
      "locked": {
        "lastModified": 1731533236,
        "narHash": "sha256-l0KFg5HjrsfsO/JpG+r7fRrqm12kzFHyUHqHCVpMMbI=",
        "owner": "numtide",
        "repo": "flake-utils",
        "rev": "11707dc2f618dd54ca8739b309ec4fc024de578b",
        "type": "github"
      },
      "original": {
        "owner": "numtide",
        "repo": "flake-utils",
        "type": "github"
      }
    },
    "flakeUtils_2": {
      "inputs": {
        "systems": "systems_4"
      },
      "locked": {
        "lastModified": 1731533236,
        "narHash": "sha256-l0KFg5HjrsfsO/JpG+r7fRrqm12kzFHyUHqHCVpMMbI=",
        "owner": "numtide",
        "repo": "flake-utils",
        "rev": "11707dc2f618dd54ca8739b309ec4fc024de578b",
        "type": "github"
      },
      "original": {
        "owner": "numtide",
        "repo": "flake-utils",
        "type": "github"
      }
    },
    "flakeUtils_3": {
      "inputs": {
        "systems": "systems_5"
      },
      "locked": {
        "lastModified": 1731533236,
        "narHash": "sha256-l0KFg5HjrsfsO/JpG+r7fRrqm12kzFHyUHqHCVpMMbI=",
        "owner": "numtide",
        "repo": "flake-utils",
        "rev": "11707dc2f618dd54ca8739b309ec4fc024de578b",
        "type": "github"
      },
      "original": {
        "owner": "numtide",
        "repo": "flake-utils",
        "type": "github"
      }
    },
    "flakeUtils_4": {
      "inputs": {
        "systems": "systems_6"
      },
      "locked": {
        "lastModified": 1731533236,
        "narHash": "sha256-l0KFg5HjrsfsO/JpG+r7fRrqm12kzFHyUHqHCVpMMbI=",
        "owner": "numtide",
        "repo": "flake-utils",
        "rev": "11707dc2f618dd54ca8739b309ec4fc024de578b",
        "type": "github"
      },
      "original": {
        "owner": "numtide",
        "repo": "flake-utils",
        "type": "github"
      }
    },
    "flakeUtils_5": {
      "inputs": {
        "systems": "systems_7"
      },
      "locked": {
        "lastModified": 1731533236,
        "narHash": "sha256-l0KFg5HjrsfsO/JpG+r7fRrqm12kzFHyUHqHCVpMMbI=",
        "owner": "numtide",
        "repo": "flake-utils",
        "rev": "11707dc2f618dd54ca8739b309ec4fc024de578b",
        "type": "github"
      },
      "original": {
        "owner": "numtide",
        "repo": "flake-utils",
        "type": "github"
      }
    },
    "flakeUtils_6": {
      "inputs": {
        "systems": "systems_9"
      },
      "locked": {
        "lastModified": 1731533236,
        "narHash": "sha256-l0KFg5HjrsfsO/JpG+r7fRrqm12kzFHyUHqHCVpMMbI=",
        "owner": "numtide",
        "repo": "flake-utils",
        "rev": "11707dc2f618dd54ca8739b309ec4fc024de578b",
        "type": "github"
      },
      "original": {
        "owner": "numtide",
        "repo": "flake-utils",
        "type": "github"
      }
    },
    "flakeUtils_7": {
      "inputs": {
        "systems": "systems_10"
      },
      "locked": {
        "lastModified": 1731533236,
        "narHash": "sha256-l0KFg5HjrsfsO/JpG+r7fRrqm12kzFHyUHqHCVpMMbI=",
        "owner": "numtide",
        "repo": "flake-utils",
        "rev": "11707dc2f618dd54ca8739b309ec4fc024de578b",
        "type": "github"
      },
      "original": {
        "owner": "numtide",
        "repo": "flake-utils",
        "type": "github"
      }
    },
    "flakeUtils_8": {
      "inputs": {
        "systems": "systems_11"
      },
      "locked": {
        "lastModified": 1731533236,
        "narHash": "sha256-l0KFg5HjrsfsO/JpG+r7fRrqm12kzFHyUHqHCVpMMbI=",
        "owner": "numtide",
        "repo": "flake-utils",
        "rev": "11707dc2f618dd54ca8739b309ec4fc024de578b",
        "type": "github"
      },
      "original": {
        "owner": "numtide",
        "repo": "flake-utils",
        "type": "github"
      }
    },
    "flakeUtils_9": {
      "inputs": {
        "systems": "systems_13"
      },
      "locked": {
        "lastModified": 1731533236,
        "narHash": "sha256-l0KFg5HjrsfsO/JpG+r7fRrqm12kzFHyUHqHCVpMMbI=",
        "owner": "numtide",
        "repo": "flake-utils",
        "rev": "11707dc2f618dd54ca8739b309ec4fc024de578b",
        "type": "github"
      },
      "original": {
        "owner": "numtide",
        "repo": "flake-utils",
        "type": "github"
      }
    },
    "minizinc": {
      "inputs": {
        "chuffed": "chuffed_2",
        "flakeUtils": "flakeUtils_4",
        "nixpkgs": "nixpkgs_5",
        "package": "package_3"
      },
      "locked": {
        "dir": "minizinc",
        "lastModified": 1760181381,
        "narHash": "sha256-Pm/kiDqmlutYuuIknHtiA2oHjWPDgufh3WC2f9yGOYQ=",
        "owner": "Rellikeht",
        "repo": "nix-builds",
        "rev": "330c785304d606e0df517e8dc29a75f7d3bed8f1",
        "type": "github"
      },
      "original": {
        "dir": "minizinc",
        "owner": "Rellikeht",
        "repo": "nix-builds",
        "type": "github"
      }
    },
    "minizinc-ide-bin": {
      "inputs": {
        "flakeUtils": "flakeUtils_5",
        "nixpkgs": "nixpkgs_6",
        "pkg-linux-x64": "pkg-linux-x64"
      },
      "locked": {
        "dir": "minizinc-ide-bin",
        "lastModified": 1760181381,
        "narHash": "sha256-Pm/kiDqmlutYuuIknHtiA2oHjWPDgufh3WC2f9yGOYQ=",
        "owner": "Rellikeht",
        "repo": "nix-builds",
        "rev": "330c785304d606e0df517e8dc29a75f7d3bed8f1",
        "type": "github"
      },
      "original": {
        "dir": "minizinc-ide-bin",
        "owner": "Rellikeht",
        "repo": "nix-builds",
        "type": "github"
      }
    },
    "nixpkgs": {
      "locked": {
        "lastModified": 1760103332,
        "narHash": "sha256-BMsGVfKl4Q80Pr9T1AkCRljO1bpwCmY8rTBVj8XGuhA=",
        "owner": "NixOS",
        "repo": "nixpkgs",
        "rev": "870493f9a8cb0b074ae5b411b2f232015db19a65",
        "type": "github"
      },
      "original": {
        "owner": "NixOS",
        "ref": "nixpkgs-unstable",
        "repo": "nixpkgs",
        "type": "github"
      }
    },
    "nixpkgs_10": {
      "locked": {
        "lastModified": 1760103332,
        "narHash": "sha256-BMsGVfKl4Q80Pr9T1AkCRljO1bpwCmY8rTBVj8XGuhA=",
        "owner": "NixOS",
        "repo": "nixpkgs",
        "rev": "870493f9a8cb0b074ae5b411b2f232015db19a65",
        "type": "github"
      },
      "original": {
        "owner": "NixOS",
        "ref": "nixpkgs-unstable",
        "repo": "nixpkgs",
        "type": "github"
      }
    },
    "nixpkgs_11": {
      "locked": {
        "lastModified": 1760103332,
        "narHash": "sha256-BMsGVfKl4Q80Pr9T1AkCRljO1bpwCmY8rTBVj8XGuhA=",
        "owner": "NixOS",
        "repo": "nixpkgs",
        "rev": "870493f9a8cb0b074ae5b411b2f232015db19a65",
        "type": "github"
      },
      "original": {
        "owner": "NixOS",
        "ref": "nixpkgs-unstable",
        "repo": "nixpkgs",
        "type": "github"
      }
    },
    "nixpkgs_12": {
      "locked": {
        "lastModified": 1760103332,
        "narHash": "sha256-BMsGVfKl4Q80Pr9T1AkCRljO1bpwCmY8rTBVj8XGuhA=",
        "owner": "NixOS",
        "repo": "nixpkgs",
        "rev": "870493f9a8cb0b074ae5b411b2f232015db19a65",
        "type": "github"
      },
      "original": {
        "owner": "NixOS",
        "ref": "nixpkgs-unstable",
        "repo": "nixpkgs",
        "type": "github"
      }
    },
    "nixpkgs_13": {
      "locked": {
        "lastModified": 1760103332,
        "narHash": "sha256-BMsGVfKl4Q80Pr9T1AkCRljO1bpwCmY8rTBVj8XGuhA=",
        "owner": "NixOS",
        "repo": "nixpkgs",
        "rev": "870493f9a8cb0b074ae5b411b2f232015db19a65",
        "type": "github"
      },
      "original": {
        "owner": "NixOS",
        "ref": "nixpkgs-unstable",
        "repo": "nixpkgs",
        "type": "github"
      }
    },
    "nixpkgs_14": {
      "locked": {
        "lastModified": 1760103332,
        "narHash": "sha256-BMsGVfKl4Q80Pr9T1AkCRljO1bpwCmY8rTBVj8XGuhA=",
        "owner": "NixOS",
        "repo": "nixpkgs",
        "rev": "870493f9a8cb0b074ae5b411b2f232015db19a65",
        "type": "github"
      },
      "original": {
        "owner": "NixOS",
        "ref": "nixpkgs-unstable",
        "repo": "nixpkgs",
        "type": "github"
      }
    },
    "nixpkgs_15": {
      "locked": {
        "lastModified": 1760103332,
        "narHash": "sha256-BMsGVfKl4Q80Pr9T1AkCRljO1bpwCmY8rTBVj8XGuhA=",
        "owner": "NixOS",
        "repo": "nixpkgs",
        "rev": "870493f9a8cb0b074ae5b411b2f232015db19a65",
        "type": "github"
      },
      "original": {
        "owner": "NixOS",
        "ref": "nixpkgs-unstable",
        "repo": "nixpkgs",
        "type": "github"
      }
    },
    "nixpkgs_2": {
      "locked": {
        "lastModified": 1760103332,
        "narHash": "sha256-BMsGVfKl4Q80Pr9T1AkCRljO1bpwCmY8rTBVj8XGuhA=",
        "owner": "NixOS",
        "repo": "nixpkgs",
        "rev": "870493f9a8cb0b074ae5b411b2f232015db19a65",
        "type": "github"
      },
      "original": {
        "owner": "NixOS",
        "ref": "nixpkgs-unstable",
        "repo": "nixpkgs",
        "type": "github"
      }
    },
    "nixpkgs_3": {
      "locked": {
        "lastModified": 1760103332,
        "narHash": "sha256-BMsGVfKl4Q80Pr9T1AkCRljO1bpwCmY8rTBVj8XGuhA=",
        "owner": "NixOS",
        "repo": "nixpkgs",
        "rev": "870493f9a8cb0b074ae5b411b2f232015db19a65",
        "type": "github"
      },
      "original": {
        "owner": "NixOS",
        "ref": "nixpkgs-unstable",
        "repo": "nixpkgs",
        "type": "github"
      }
    },
    "nixpkgs_4": {
      "locked": {
        "lastModified": 1758701979,
        "narHash": "sha256-c7DUti3XM1aga8oVgaPnrVmEeCFtN9PaBxyNuqx8jPc=",
        "owner": "NixOS",
        "repo": "nixpkgs",
        "rev": "e2642aa7d5a15eae586932a56f4294934f959c14",
        "type": "github"
      },
      "original": {
        "owner": "NixOS",
        "ref": "nixpkgs-unstable",
        "repo": "nixpkgs",
        "type": "github"
      }
    },
    "nixpkgs_5": {
      "locked": {
        "lastModified": 1760103332,
        "narHash": "sha256-BMsGVfKl4Q80Pr9T1AkCRljO1bpwCmY8rTBVj8XGuhA=",
        "owner": "NixOS",
        "repo": "nixpkgs",
        "rev": "870493f9a8cb0b074ae5b411b2f232015db19a65",
        "type": "github"
      },
      "original": {
        "owner": "NixOS",
        "ref": "nixpkgs-unstable",
        "repo": "nixpkgs",
        "type": "github"
      }
    },
    "nixpkgs_6": {
      "locked": {
        "lastModified": 1760103332,
        "narHash": "sha256-BMsGVfKl4Q80Pr9T1AkCRljO1bpwCmY8rTBVj8XGuhA=",
        "owner": "NixOS",
        "repo": "nixpkgs",
        "rev": "870493f9a8cb0b074ae5b411b2f232015db19a65",
        "type": "github"
      },
      "original": {
        "owner": "NixOS",
        "ref": "nixpkgs-unstable",
        "repo": "nixpkgs",
        "type": "github"
      }
    },
    "nixpkgs_7": {
      "locked": {
        "lastModified": 1760103332,
        "narHash": "sha256-BMsGVfKl4Q80Pr9T1AkCRljO1bpwCmY8rTBVj8XGuhA=",
        "owner": "NixOS",
        "repo": "nixpkgs",
        "rev": "870493f9a8cb0b074ae5b411b2f232015db19a65",
        "type": "github"
      },
      "original": {
        "owner": "NixOS",
        "ref": "nixpkgs-unstable",
        "repo": "nixpkgs",
        "type": "github"
      }
    },
    "nixpkgs_8": {
      "locked": {
        "lastModified": 1760103332,
        "narHash": "sha256-BMsGVfKl4Q80Pr9T1AkCRljO1bpwCmY8rTBVj8XGuhA=",
        "owner": "NixOS",
        "repo": "nixpkgs",
        "rev": "870493f9a8cb0b074ae5b411b2f232015db19a65",
        "type": "github"
      },
      "original": {
        "owner": "NixOS",
        "ref": "nixpkgs-unstable",
        "repo": "nixpkgs",
        "type": "github"
      }
    },
    "nixpkgs_9": {
      "locked": {
        "lastModified": 1760103332,
        "narHash": "sha256-BMsGVfKl4Q80Pr9T1AkCRljO1bpwCmY8rTBVj8XGuhA=",
        "owner": "NixOS",
        "repo": "nixpkgs",
        "rev": "870493f9a8cb0b074ae5b411b2f232015db19a65",
        "type": "github"
      },
      "original": {
        "owner": "NixOS",
        "ref": "nixpkgs-unstable",
        "repo": "nixpkgs",
        "type": "github"
      }
    },
    "package": {
      "flake": false,
      "locked": {
        "lastModified": 1754960561,
        "narHash": "sha256-857QOWYSvwpGjZiAzA8kaHJPCf+QVMn5C8PObSTeR2k=",
        "owner": "chuffed",
        "repo": "chuffed",
        "rev": "20fe35a551b54fb6628e03dcb8ea4157c4605535",
        "type": "github"
      },
      "original": {
        "owner": "chuffed",
        "repo": "chuffed",
        "type": "github"
      }
    },
    "package_2": {
      "flake": false,
      "locked": {
        "lastModified": 1754960561,
        "narHash": "sha256-857QOWYSvwpGjZiAzA8kaHJPCf+QVMn5C8PObSTeR2k=",
        "owner": "chuffed",
        "repo": "chuffed",
        "rev": "20fe35a551b54fb6628e03dcb8ea4157c4605535",
        "type": "github"
      },
      "original": {
        "owner": "chuffed",
        "repo": "chuffed",
        "type": "github"
      }
    },
    "package_3": {
      "flake": false,
      "locked": {
        "lastModified": 1759100696,
        "narHash": "sha256-soRFJMUX7JemI6wNVhAzJ+xsTRefn1trcbDia0XUmVc=",
        "owner": "MiniZinc",
        "repo": "libminizinc",
        "rev": "09a95c0d19f0430f5d34679cd8a208012d417de2",
        "type": "github"
      },
      "original": {
        "owner": "MiniZinc",
        "repo": "libminizinc",
        "type": "github"
      }
    },
    "package_4": {
      "flake": false,
      "locked": {
        "lastModified": 1758123002,
        "narHash": "sha256-i+v1oyssmeOoMXcyJ8nnS0nTwfKJXXIiIu3KAXBzH1I=",
        "owner": "playit-cloud",
        "repo": "playit-agent",
        "rev": "b184f6ed87bb2d7b0cd0154e317d7b95746d6be7",
        "type": "github"
      },
      "original": {
        "owner": "playit-cloud",
        "repo": "playit-agent",
        "type": "github"
      }
    },
    "package_5": {
      "flake": false,
      "locked": {
        "narHash": "sha256-KN+raCiwSKiRbcyhSwML26aYlrz6WQEurra2Bzywvj8=",
        "type": "file",
        "url": "https://github.com/ufo5260987423/scheme-langserver/releases/download/1.2.9/run"
      },
      "original": {
        "type": "file",
        "url": "https://github.com/ufo5260987423/scheme-langserver/releases/download/1.2.9/run"
      }
    },
    "pico-sdk": {
      "inputs": {
        "flake-utils": "flake-utils_3",
        "nixpkgs": "nixpkgs_8",
        "pinout": "pinout",
        "sdk": "sdk"
      },
      "locked": {
        "dir": "pico-sdk",
        "lastModified": 1760181381,
        "narHash": "sha256-Pm/kiDqmlutYuuIknHtiA2oHjWPDgufh3WC2f9yGOYQ=",
        "owner": "Rellikeht",
        "repo": "nix-builds",
        "rev": "330c785304d606e0df517e8dc29a75f7d3bed8f1",
        "type": "github"
      },
      "original": {
        "dir": "pico-sdk",
        "owner": "Rellikeht",
        "repo": "nix-builds",
        "type": "github"
      }
    },
    "pinout": {
      "flake": false,
      "locked": {
        "narHash": "sha256-Aikbi317COBedPgVe090WwaSrRuTPYHEnOS9nohBNDQ=",
        "type": "file",
        "url": "https://gabmus.org/pico_pinout"
      },
      "original": {
        "type": "file",
        "url": "https://gabmus.org/pico_pinout"
      }
    },
    "pkg-linux-a32": {
      "flake": false,
      "locked": {
        "narHash": "sha256-7zPc5Uq+2aID88Ea4DPXGGtOqSHFqDnJdv/oublI/FQ=",
        "type": "file",
        "url": "https://github.com/playit-cloud/playit-agent/releases/download/v0.15.26/playit-linux-armv7"
      },
      "original": {
        "type": "file",
        "url": "https://github.com/playit-cloud/playit-agent/releases/download/v0.15.26/playit-linux-armv7"
      }
    },
    "pkg-linux-a64": {
      "flake": false,
      "locked": {
        "narHash": "sha256-SYJ1eOU/clsmn66vrH8rMf8vRDMuwOVj0+hnvzZ+8A8=",
        "type": "file",
        "url": "https://github.com/playit-cloud/playit-agent/releases/download/v0.15.26/playit-linux-aarch64"
      },
      "original": {
        "type": "file",
        "url": "https://github.com/playit-cloud/playit-agent/releases/download/v0.15.26/playit-linux-aarch64"
      }
    },
    "pkg-linux-x64": {
      "flake": false,
      "locked": {
        "lastModified": 1741244042,
        "narHash": "sha256-4446yBAlbXsE7gFFdfZhiqr+2zlnYKsDc0jZ0pPA87g=",
        "type": "tarball",
        "url": "https://github.com/MiniZinc/MiniZincIDE/releases/download/2.9.2/MiniZincIDE-2.9.2-bundle-linux-x86_64.tgz"
      },
      "original": {
        "type": "tarball",
        "url": "https://github.com/MiniZinc/MiniZincIDE/releases/download/2.9.2/MiniZincIDE-2.9.2-bundle-linux-x86_64.tgz"
      }
    },
    "pkg-linux-x64_2": {
      "flake": false,
      "locked": {
        "narHash": "sha256-NMxyP1KPNtkVbN83PRrpi3PAKdoysdM5imycxurLJSo=",
        "type": "file",
        "url": "https://github.com/playit-cloud/playit-agent/releases/download/v0.15.26/playit-linux-amd64"
      },
      "original": {
        "type": "file",
        "url": "https://github.com/playit-cloud/playit-agent/releases/download/v0.15.26/playit-linux-amd64"
      }
    },
    "pkg-linux-x86": {
      "flake": false,
      "locked": {
        "narHash": "sha256-7NR3zKfbwu5YlJ5H4U0AUZUqfG72Ha7HVrZQeSLVq3w=",
        "type": "file",
        "url": "https://github.com/playit-cloud/playit-agent/releases/download/v0.15.26/playit-linux-i686"
      },
      "original": {
        "type": "file",
        "url": "https://github.com/playit-cloud/playit-agent/releases/download/v0.15.26/playit-linux-i686"
      }
    },
    "playit": {
      "inputs": {
        "flakeUtils": "flakeUtils_6",
        "nixpkgs": "nixpkgs_9",
        "package": "package_4"
      },
      "locked": {
        "dir": "playit",
        "lastModified": 1760181381,
        "narHash": "sha256-Pm/kiDqmlutYuuIknHtiA2oHjWPDgufh3WC2f9yGOYQ=",
        "owner": "Rellikeht",
        "repo": "nix-builds",
        "rev": "330c785304d606e0df517e8dc29a75f7d3bed8f1",
        "type": "github"
      },
      "original": {
        "dir": "playit",
        "owner": "Rellikeht",
        "repo": "nix-builds",
        "type": "github"
      }
    },
    "playit-bin": {
      "inputs": {
        "flakeUtils": "flakeUtils_7",
        "nixpkgs": "nixpkgs_10",
        "pkg-linux-a32": "pkg-linux-a32",
        "pkg-linux-a64": "pkg-linux-a64",
        "pkg-linux-x64": "pkg-linux-x64_2",
        "pkg-linux-x86": "pkg-linux-x86"
      },
      "locked": {
        "dir": "playit-bin",
        "lastModified": 1760181381,
        "narHash": "sha256-Pm/kiDqmlutYuuIknHtiA2oHjWPDgufh3WC2f9yGOYQ=",
        "owner": "Rellikeht",
        "repo": "nix-builds",
        "rev": "330c785304d606e0df517e8dc29a75f7d3bed8f1",
        "type": "github"
      },
      "original": {
        "dir": "playit-bin",
        "owner": "Rellikeht",
        "repo": "nix-builds",
        "type": "github"
      }
    },
    "root": {
      "inputs": {
        "chuffed": "chuffed",
        "dmenu": "dmenu",
        "dwm": "dwm",
        "flakeUtils": "flakeUtils_2",
        "minizinc": "minizinc",
        "minizinc-ide-bin": "minizinc-ide-bin",
        "nixpkgs": "nixpkgs_7",
        "pico-sdk": "pico-sdk",
        "playit": "playit",
        "playit-bin": "playit-bin",
        "scheme-langserver-bin": "scheme-langserver-bin",
        "st": "st",
        "svim": "svim",
        "tabbed": "tabbed",
        "xinit-xsession": "xinit-xsession"
      }
    },
    "scheme-langserver-bin": {
      "inputs": {
        "flakeUtils": "flakeUtils_8",
        "nixpkgs": "nixpkgs_11",
        "package": "package_5"
      },
      "locked": {
        "dir": "scheme-langserver-bin",
        "lastModified": 1760181381,
        "narHash": "sha256-Pm/kiDqmlutYuuIknHtiA2oHjWPDgufh3WC2f9yGOYQ=",
        "owner": "Rellikeht",
        "repo": "nix-builds",
        "rev": "330c785304d606e0df517e8dc29a75f7d3bed8f1",
        "type": "github"
      },
      "original": {
        "dir": "scheme-langserver-bin",
        "owner": "Rellikeht",
        "repo": "nix-builds",
        "type": "github"
      }
    },
    "sdk": {
      "flake": false,
      "locked": {
        "lastModified": 1753763866,
        "narHash": "sha256-8ubZW6yQnUTYxQqYI6hi7s3kFVQhe5EaxVvHmo93vgk=",
        "ref": "refs/heads/master",
        "rev": "a1438dff1d38bd9c65dbd693f0e5db4b9ae91779",
        "revCount": 1208,
        "submodules": true,
        "type": "git",
        "url": "https://github.com/raspberrypi/pico-sdk"
      },
      "original": {
        "submodules": true,
        "type": "git",
        "url": "https://github.com/raspberrypi/pico-sdk"
      }
    },
    "st": {
      "inputs": {
        "flake-utils": "flake-utils_4",
        "nixpkgs": "nixpkgs_12"
      },
      "locked": {
        "lastModified": 1760181194,
        "narHash": "sha256-FXkXPvM8yvpU4rLiXy72LwCz+tXX+va9s9Ok/ENJh/w=",
        "owner": "Rellikeht",
        "repo": "st",
        "rev": "d8353147c734f47916053f9bd8d7e8b58728fa26",
        "type": "github"
      },
      "original": {
        "owner": "Rellikeht",
        "repo": "st",
        "type": "github"
      }
    },
    "svim": {
      "inputs": {
        "flakeUtils": "flakeUtils_9",
        "nixpkgs": "nixpkgs_13",
        "vim": "vim"
      },
      "locked": {
        "lastModified": 1760181220,
        "narHash": "sha256-m1MZoBjeDyo3JMRqbA92aTrAQdnMjJsXRCebnQCOaoQ=",
        "owner": "Rellikeht",
        "repo": "svim-comptools",
        "rev": "9aa359d2c3acbe7757fe6e789b9694b95aeebcd1",
        "type": "github"
      },
      "original": {
        "owner": "Rellikeht",
        "repo": "svim-comptools",
        "type": "github"
      }
    },
    "systems": {
      "locked": {
        "lastModified": 1681028828,
        "narHash": "sha256-Vy1rq5AaRuLzOxct8nz4T6wlgyUR7zLU309k9mBC768=",
        "owner": "nix-systems",
        "repo": "default",
        "rev": "da67096a3b9bf56a91d16901293e51ba5b49a27e",
        "type": "github"
      },
      "original": {
        "owner": "nix-systems",
        "repo": "default",
        "type": "github"
      }
    },
    "systems_10": {
      "locked": {
        "lastModified": 1681028828,
        "narHash": "sha256-Vy1rq5AaRuLzOxct8nz4T6wlgyUR7zLU309k9mBC768=",
        "owner": "nix-systems",
        "repo": "default",
        "rev": "da67096a3b9bf56a91d16901293e51ba5b49a27e",
        "type": "github"
      },
      "original": {
        "owner": "nix-systems",
        "repo": "default",
        "type": "github"
      }
    },
    "systems_11": {
      "locked": {
        "lastModified": 1681028828,
        "narHash": "sha256-Vy1rq5AaRuLzOxct8nz4T6wlgyUR7zLU309k9mBC768=",
        "owner": "nix-systems",
        "repo": "default",
        "rev": "da67096a3b9bf56a91d16901293e51ba5b49a27e",
        "type": "github"
      },
      "original": {
        "owner": "nix-systems",
        "repo": "default",
        "type": "github"
      }
    },
    "systems_12": {
      "locked": {
        "lastModified": 1681028828,
        "narHash": "sha256-Vy1rq5AaRuLzOxct8nz4T6wlgyUR7zLU309k9mBC768=",
        "owner": "nix-systems",
        "repo": "default",
        "rev": "da67096a3b9bf56a91d16901293e51ba5b49a27e",
        "type": "github"
      },
      "original": {
        "owner": "nix-systems",
        "repo": "default",
        "type": "github"
      }
    },
    "systems_13": {
      "locked": {
        "lastModified": 1681028828,
        "narHash": "sha256-Vy1rq5AaRuLzOxct8nz4T6wlgyUR7zLU309k9mBC768=",
        "owner": "nix-systems",
        "repo": "default",
        "rev": "da67096a3b9bf56a91d16901293e51ba5b49a27e",
        "type": "github"
      },
      "original": {
        "owner": "nix-systems",
        "repo": "default",
        "type": "github"
      }
    },
    "systems_14": {
      "locked": {
        "lastModified": 1681028828,
        "narHash": "sha256-Vy1rq5AaRuLzOxct8nz4T6wlgyUR7zLU309k9mBC768=",
        "owner": "nix-systems",
        "repo": "default",
        "rev": "da67096a3b9bf56a91d16901293e51ba5b49a27e",
        "type": "github"
      },
      "original": {
        "owner": "nix-systems",
        "repo": "default",
        "type": "github"
      }
    },
    "systems_15": {
      "locked": {
        "lastModified": 1681028828,
        "narHash": "sha256-Vy1rq5AaRuLzOxct8nz4T6wlgyUR7zLU309k9mBC768=",
        "owner": "nix-systems",
        "repo": "default",
        "rev": "da67096a3b9bf56a91d16901293e51ba5b49a27e",
        "type": "github"
      },
      "original": {
        "owner": "nix-systems",
        "repo": "default",
        "type": "github"
      }
    },
    "systems_2": {
      "locked": {
        "lastModified": 1681028828,
        "narHash": "sha256-Vy1rq5AaRuLzOxct8nz4T6wlgyUR7zLU309k9mBC768=",
        "owner": "nix-systems",
        "repo": "default",
        "rev": "da67096a3b9bf56a91d16901293e51ba5b49a27e",
        "type": "github"
      },
      "original": {
        "owner": "nix-systems",
        "repo": "default",
        "type": "github"
      }
    },
    "systems_3": {
      "locked": {
        "lastModified": 1681028828,
        "narHash": "sha256-Vy1rq5AaRuLzOxct8nz4T6wlgyUR7zLU309k9mBC768=",
        "owner": "nix-systems",
        "repo": "default",
        "rev": "da67096a3b9bf56a91d16901293e51ba5b49a27e",
        "type": "github"
      },
      "original": {
        "owner": "nix-systems",
        "repo": "default",
        "type": "github"
      }
    },
    "systems_4": {
      "locked": {
        "lastModified": 1681028828,
        "narHash": "sha256-Vy1rq5AaRuLzOxct8nz4T6wlgyUR7zLU309k9mBC768=",
        "owner": "nix-systems",
        "repo": "default",
        "rev": "da67096a3b9bf56a91d16901293e51ba5b49a27e",
        "type": "github"
      },
      "original": {
        "owner": "nix-systems",
        "repo": "default",
        "type": "github"
      }
    },
    "systems_5": {
      "locked": {
        "lastModified": 1681028828,
        "narHash": "sha256-Vy1rq5AaRuLzOxct8nz4T6wlgyUR7zLU309k9mBC768=",
        "owner": "nix-systems",
        "repo": "default",
        "rev": "da67096a3b9bf56a91d16901293e51ba5b49a27e",
        "type": "github"
      },
      "original": {
        "owner": "nix-systems",
        "repo": "default",
        "type": "github"
      }
    },
    "systems_6": {
      "locked": {
        "lastModified": 1681028828,
        "narHash": "sha256-Vy1rq5AaRuLzOxct8nz4T6wlgyUR7zLU309k9mBC768=",
        "owner": "nix-systems",
        "repo": "default",
        "rev": "da67096a3b9bf56a91d16901293e51ba5b49a27e",
        "type": "github"
      },
      "original": {
        "owner": "nix-systems",
        "repo": "default",
        "type": "github"
      }
    },
    "systems_7": {
      "locked": {
        "lastModified": 1681028828,
        "narHash": "sha256-Vy1rq5AaRuLzOxct8nz4T6wlgyUR7zLU309k9mBC768=",
        "owner": "nix-systems",
        "repo": "default",
        "rev": "da67096a3b9bf56a91d16901293e51ba5b49a27e",
        "type": "github"
      },
      "original": {
        "owner": "nix-systems",
        "repo": "default",
        "type": "github"
      }
    },
    "systems_8": {
      "locked": {
        "lastModified": 1681028828,
        "narHash": "sha256-Vy1rq5AaRuLzOxct8nz4T6wlgyUR7zLU309k9mBC768=",
        "owner": "nix-systems",
        "repo": "default",
        "rev": "da67096a3b9bf56a91d16901293e51ba5b49a27e",
        "type": "github"
      },
      "original": {
        "owner": "nix-systems",
        "repo": "default",
        "type": "github"
      }
    },
    "systems_9": {
      "locked": {
        "lastModified": 1681028828,
        "narHash": "sha256-Vy1rq5AaRuLzOxct8nz4T6wlgyUR7zLU309k9mBC768=",
        "owner": "nix-systems",
        "repo": "default",
        "rev": "da67096a3b9bf56a91d16901293e51ba5b49a27e",
        "type": "github"
      },
      "original": {
        "owner": "nix-systems",
        "repo": "default",
        "type": "github"
      }
    },
    "tabbed": {
      "inputs": {
        "flake-utils": "flake-utils_5",
        "nixpkgs": "nixpkgs_14"
      },
      "locked": {
        "lastModified": 1760181226,
        "narHash": "sha256-XDQ6VcCMMhhqESIv3bvvFjP3ZEi3bUMydYnbo8/A5c0=",
        "owner": "Rellikeht",
        "repo": "tabbed",
        "rev": "14022560ec6bb14f059ab86feb7ab8d2cf543539",
        "type": "github"
      },
      "original": {
        "owner": "Rellikeht",
        "repo": "tabbed",
        "type": "github"
      }
    },
    "vim": {
      "flake": false,
      "locked": {
        "lastModified": 1760177202,
        "narHash": "sha256-4xsu2raQ5lxZegr+E2nBR47hSbZIa0uv+r+/RBxXjmI=",
        "owner": "vim",
        "repo": "vim",
        "rev": "37aabaca64b091004224f8d6815e6ce2874ec826",
        "type": "github"
      },
      "original": {
        "owner": "vim",
        "repo": "vim",
        "type": "github"
      }
    },
    "xinit-xsession": {
      "inputs": {
        "flakeUtils": "flakeUtils_10",
        "nixpkgs": "nixpkgs_15"
      },
      "locked": {
        "dir": "xinit-xsession",
        "lastModified": 1760181381,
        "narHash": "sha256-Pm/kiDqmlutYuuIknHtiA2oHjWPDgufh3WC2f9yGOYQ=",
        "owner": "Rellikeht",
        "repo": "nix-builds",
        "rev": "330c785304d606e0df517e8dc29a75f7d3bed8f1",
        "type": "github"
      },
      "original": {
        "dir": "xinit-xsession",
        "owner": "Rellikeht",
        "repo": "nix-builds",
        "type": "github"
      }
    }
  },
  "root": "root",
  "version": 7
}
