{
  "nodes": {
    "examples": {
      "flake": false,
      "locked": {
        "lastModified": 1724975948,
        "narHash": "sha256-8f/mtHm5CDrNE1dxCrd9TpVIhCX3XgpXw3r8EUQ6ZHE=",
        "owner": "raspberrypi",
        "repo": "pico-examples",
        "rev": "7e77a0c381863be0c49086567e7f1934d78ac591",
        "type": "github"
      },
      "original": {
        "owner": "raspberrypi",
        "repo": "pico-examples",
        "type": "github"
      }
    },
    "flake-utils": {
      "inputs": {
        "systems": "systems"
      },
      "locked": {
        "lastModified": 1731533236,
        "narHash": "sha256-l0KFg5HjrsfsO/JpG+r7fRrqm12kzFHyUHqHCVpMMbI=",
        "owner": "numtide",
        "repo": "flake-utils",
        "rev": "11707dc2f618dd54ca8739b309ec4fc024de578b",
        "type": "github"
      },
      "original": {
        "owner": "numtide",
        "repo": "flake-utils",
        "type": "github"
      }
    },
    "flake-utils_2": {
      "inputs": {
        "systems": "systems_2"
      },
      "locked": {
        "lastModified": 1731533236,
        "narHash": "sha256-l0KFg5HjrsfsO/JpG+r7fRrqm12kzFHyUHqHCVpMMbI=",
        "owner": "numtide",
        "repo": "flake-utils",
        "rev": "11707dc2f618dd54ca8739b309ec4fc024de578b",
        "type": "github"
      },
      "original": {
        "owner": "numtide",
        "repo": "flake-utils",
        "type": "github"
      }
    },
    "nixpkgs": {
      "locked": {
        "lastModified": 1732019583,
        "narHash": "sha256-PBtewJFS5PE25uXfX6MQtRnqa6B8047+yeIw1fX2thI=",
        "owner": "NixOS",
        "repo": "nixpkgs",
        "rev": "2a3b26f7148ce95f07a3106e12fbfb6b2e689de9",
        "type": "github"
      },
      "original": {
        "owner": "NixOS",
        "repo": "nixpkgs",
        "type": "github"
      }
    },
    "nixpkgs_2": {
      "locked": {
        "lastModified": 1732019583,
        "narHash": "sha256-PBtewJFS5PE25uXfX6MQtRnqa6B8047+yeIw1fX2thI=",
        "owner": "NixOS",
        "repo": "nixpkgs",
        "rev": "2a3b26f7148ce95f07a3106e12fbfb6b2e689de9",
        "type": "github"
      },
      "original": {
        "owner": "NixOS",
        "repo": "nixpkgs",
        "type": "github"
      }
    },
    "pinout": {
      "flake": false,
      "locked": {
        "narHash": "sha256-Aikbi317COBedPgVe090WwaSrRuTPYHEnOS9nohBNDQ=",
        "type": "file",
        "url": "https://gabmus.org/pico_pinout"
      },
      "original": {
        "type": "file",
        "url": "https://gabmus.org/pico_pinout"
      }
    },
    "root": {
      "inputs": {
        "examples": "examples",
        "flake-utils": "flake-utils",
        "nixpkgs": "nixpkgs",
        "sdk": "sdk"
      }
    },
    "sdk": {
      "inputs": {
        "flake-utils": "flake-utils_2",
        "nixpkgs": "nixpkgs_2",
        "pinout": "pinout",
        "sdk": "sdk_2"
      },
      "locked": {
        "dir": "pico-sdk",
        "lastModified": 1732019829,
        "narHash": "sha256-OycSQ2/0vIfP2M4U4458ZKAhqKCZSLAKd7+7Y+A6ANI=",
        "owner": "Rellikeht",
        "repo": "nix-builds",
        "rev": "8801bc0fce9f173e0ebb4f1bb2405440fd995048",
        "type": "github"
      },
      "original": {
        "dir": "pico-sdk",
        "owner": "Rellikeht",
        "repo": "nix-builds",
        "type": "github"
      }
    },
    "sdk_2": {
      "flake": false,
      "locked": {
        "lastModified": 1723125278,
        "narHash": "sha256-fVSpBVmjeP5pwkSPhhSCfBaEr/FEtA82mQOe/cHFh0A=",
        "ref": "refs/heads/master",
        "rev": "efe2103f9b28458a1615ff096054479743ade236",
        "revCount": 828,
        "submodules": true,
        "type": "git",
        "url": "https://github.com/raspberrypi/pico-sdk"
      },
      "original": {
        "submodules": true,
        "type": "git",
        "url": "https://github.com/raspberrypi/pico-sdk"
      }
    },
    "systems": {
      "locked": {
        "lastModified": 1681028828,
        "narHash": "sha256-Vy1rq5AaRuLzOxct8nz4T6wlgyUR7zLU309k9mBC768=",
        "owner": "nix-systems",
        "repo": "default",
        "rev": "da67096a3b9bf56a91d16901293e51ba5b49a27e",
        "type": "github"
      },
      "original": {
        "owner": "nix-systems",
        "repo": "default",
        "type": "github"
      }
    },
    "systems_2": {
      "locked": {
        "lastModified": 1681028828,
        "narHash": "sha256-Vy1rq5AaRuLzOxct8nz4T6wlgyUR7zLU309k9mBC768=",
        "owner": "nix-systems",
        "repo": "default",
        "rev": "da67096a3b9bf56a91d16901293e51ba5b49a27e",
        "type": "github"
      },
      "original": {
        "owner": "nix-systems",
        "repo": "default",
        "type": "github"
      }
    }
  },
  "root": "root",
  "version": 7
}
