{
  "nodes": {
    "flakeUtils": {
      "inputs": {
        "systems": "systems"
      },
      "locked": {
        "lastModified": 1710146030,
        "narHash": "sha256-SZ5L6eA7HJ/nmkzGG7/ISclqe6oZdOZTNoesiInkXPQ=",
        "owner": "numtide",
        "repo": "flake-utils",
        "rev": "b1d9ab70662946ef0850d488da1c9019f3a9752a",
        "type": "github"
      },
      "original": {
        "owner": "numtide",
        "repo": "flake-utils",
        "type": "github"
      }
    },
    "nixpkgs": {
      "locked": {
        "lastModified": 1710163406,
        "narHash": "sha256-Bm+sR2BldtO6RxHl6oVvWHQmdvUGms3p03igWU0woDo=",
        "owner": "NixOS",
        "repo": "nixpkgs",
        "rev": "fc405ec2d865736e49f747699f21e0eacdf5ea7d",
        "type": "github"
      },
      "original": {
        "owner": "NixOS",
        "repo": "nixpkgs",
        "type": "github"
      }
    },
    "pkg-linux-a32": {
      "flake": false,
      "locked": {
        "narHash": "sha256-xykdXw4WvK5EQ9tOKllOrdWW8j11HlFUWQxTEjBa98s=",
        "type": "file",
        "url": "https://github.com/playit-cloud/playit-agent/releases/download/v0.15.13/playit-linux-armv7"
      },
      "original": {
        "type": "file",
        "url": "https://github.com/playit-cloud/playit-agent/releases/download/v0.15.13/playit-linux-armv7"
      }
    },
    "pkg-linux-a64": {
      "flake": false,
      "locked": {
        "narHash": "sha256-6dCEjRw/TwUEmcoJzcGcgUj5KISjLFpx14N8tfs2HLI=",
        "type": "file",
        "url": "https://github.com/playit-cloud/playit-agent/releases/download/v0.15.13/playit-linux-aarch64"
      },
      "original": {
        "type": "file",
        "url": "https://github.com/playit-cloud/playit-agent/releases/download/v0.15.13/playit-linux-aarch64"
      }
    },
    "pkg-linux-x64": {
      "flake": false,
      "locked": {
        "narHash": "sha256-uU/jHFwxEmdd/YdfJkhZ0rDUkJJ/3T5vThsc4GNOqoE=",
        "type": "file",
        "url": "https://github.com/playit-cloud/playit-agent/releases/download/v0.15.13/playit-linux-amd64"
      },
      "original": {
        "type": "file",
        "url": "https://github.com/playit-cloud/playit-agent/releases/download/v0.15.13/playit-linux-amd64"
      }
    },
    "pkg-linux-x86": {
      "flake": false,
      "locked": {
        "narHash": "sha256-K4KcIGmX8GF/NzaaOq8lte63SMXe0TH0tHYbeat08ww=",
        "type": "file",
        "url": "https://github.com/playit-cloud/playit-agent/releases/download/v0.15.13/playit-linux-i686"
      },
      "original": {
        "type": "file",
        "url": "https://github.com/playit-cloud/playit-agent/releases/download/v0.15.13/playit-linux-i686"
      }
    },
    "root": {
      "inputs": {
        "flakeUtils": "flakeUtils",
        "nixpkgs": "nixpkgs",
        "pkg-linux-a32": "pkg-linux-a32",
        "pkg-linux-a64": "pkg-linux-a64",
        "pkg-linux-x64": "pkg-linux-x64",
        "pkg-linux-x86": "pkg-linux-x86"
      }
    },
    "systems": {
      "locked": {
        "lastModified": 1681028828,
        "narHash": "sha256-Vy1rq5AaRuLzOxct8nz4T6wlgyUR7zLU309k9mBC768=",
        "owner": "nix-systems",
        "repo": "default",
        "rev": "da67096a3b9bf56a91d16901293e51ba5b49a27e",
        "type": "github"
      },
      "original": {
        "owner": "nix-systems",
        "repo": "default",
        "type": "github"
      }
    }
  },
  "root": "root",
  "version": 7
}
