{
  "nodes": {
    "flakeUtils": {
      "inputs": {
        "systems": "systems"
      },
      "locked": {
        "lastModified": 1710146030,
        "narHash": "sha256-SZ5L6eA7HJ/nmkzGG7/ISclqe6oZdOZTNoesiInkXPQ=",
        "owner": "numtide",
        "repo": "flake-utils",
        "rev": "b1d9ab70662946ef0850d488da1c9019f3a9752a",
        "type": "github"
      },
      "original": {
        "owner": "numtide",
        "repo": "flake-utils",
        "type": "github"
      }
    },
    "nixpkgs": {
      "locked": {
        "lastModified": 1720886675,
        "narHash": "sha256-QNa/30Ok0jZNL1NtCwKRu0o4zZLMg5QVYh2uk1Sv4OU=",
        "owner": "NixOS",
        "repo": "nixpkgs",
        "rev": "4c68bf5473a8e87ffd94322cc3e79a449311325b",
        "type": "github"
      },
      "original": {
        "owner": "NixOS",
        "repo": "nixpkgs",
        "type": "github"
      }
    },
    "pkg-linux-x64": {
      "flake": false,
      "locked": {
        "lastModified": 1717380604,
        "narHash": "sha256-b05JR7QhbPTzZYOI5bxpEfipCJwf/peHxWUs3rFCN1Q=",
        "type": "tarball",
        "url": "https://github.com/MiniZinc/MiniZincIDE/releases/download/2.8.5/MiniZincIDE-2.8.5-bundle-linux-x86_64.tgz"
      },
      "original": {
        "type": "tarball",
        "url": "https://github.com/MiniZinc/MiniZincIDE/releases/download/2.8.5/MiniZincIDE-2.8.5-bundle-linux-x86_64.tgz"
      }
    },
    "root": {
      "inputs": {
        "flakeUtils": "flakeUtils",
        "nixpkgs": "nixpkgs",
        "pkg-linux-x64": "pkg-linux-x64"
      }
    },
    "systems": {
      "locked": {
        "lastModified": 1681028828,
        "narHash": "sha256-Vy1rq5AaRuLzOxct8nz4T6wlgyUR7zLU309k9mBC768=",
        "owner": "nix-systems",
        "repo": "default",
        "rev": "da67096a3b9bf56a91d16901293e51ba5b49a27e",
        "type": "github"
      },
      "original": {
        "owner": "nix-systems",
        "repo": "default",
        "type": "github"
      }
    }
  },
  "root": "root",
  "version": 7
}
