{
  "nodes": {
    "flakeUtils": {
      "inputs": {
        "systems": "systems"
      },
      "locked": {
        "lastModified": 1701680307,
        "narHash": "sha256-kAuep2h5ajznlPMD9rnQyffWG8EM/C73lejGofXvdM8=",
        "owner": "numtide",
        "repo": "flake-utils",
        "rev": "4022d587cbbfd70fe950c1e2083a02621806a725",
        "type": "github"
      },
      "original": {
        "owner": "numtide",
        "repo": "flake-utils",
        "type": "github"
      }
    },
    "nixpkgs": {
      "locked": {
        "lastModified": 1704797924,
        "narHash": "sha256-t4a43VyldYlXUUq6E00NPBrcKpDWDE6ICEORJiteUZI=",
        "owner": "NixOS",
        "repo": "nixpkgs",
        "rev": "00985e97dd6f3d00cfaefe6be2322ae700f22888",
        "type": "github"
      },
      "original": {
        "owner": "NixOS",
        "repo": "nixpkgs",
        "type": "github"
      }
    },
    "package": {
      "flake": false,
      "locked": {
        "lastModified": 1701810691,
        "narHash": "sha256-Im+1F0wm64Vm3q42gftc9CIeVMhFnn1XMIL+rBKyEKc=",
        "owner": "google",
        "repo": "or-tools",
        "rev": "8768ed7a43f8899848effb71295a790f3ecbe2f2",
        "type": "github"
      },
      "original": {
        "owner": "google",
        "repo": "or-tools",
        "type": "github"
      }
    },
    "root": {
      "inputs": {
        "flakeUtils": "flakeUtils",
        "nixpkgs": "nixpkgs",
        "package": "package"
      }
    },
    "systems": {
      "locked": {
        "lastModified": 1681028828,
        "narHash": "sha256-Vy1rq5AaRuLzOxct8nz4T6wlgyUR7zLU309k9mBC768=",
        "owner": "nix-systems",
        "repo": "default",
        "rev": "da67096a3b9bf56a91d16901293e51ba5b49a27e",
        "type": "github"
      },
      "original": {
        "owner": "nix-systems",
        "repo": "default",
        "type": "github"
      }
    }
  },
  "root": "root",
  "version": 7
}
