{
  "nodes": {
    "flakeUtils": {
      "inputs": {
        "systems": "systems"
      },
      "locked": {
        "lastModified": 1710146030,
        "narHash": "sha256-SZ5L6eA7HJ/nmkzGG7/ISclqe6oZdOZTNoesiInkXPQ=",
        "owner": "numtide",
        "repo": "flake-utils",
        "rev": "b1d9ab70662946ef0850d488da1c9019f3a9752a",
        "type": "github"
      },
      "original": {
        "owner": "numtide",
        "repo": "flake-utils",
        "type": "github"
      }
    },
    "nixpkgs": {
      "locked": {
        "lastModified": 1725810868,
        "narHash": "sha256-VVILw9XenZLLj3Fk+rDPh/129SIY6eRLG6GSclMG3kk=",
        "owner": "NixOS",
        "repo": "nixpkgs",
        "rev": "9e03cb79136abd73ef51424db04a8ad846e2a94a",
        "type": "github"
      },
      "original": {
        "owner": "NixOS",
        "repo": "nixpkgs",
        "type": "github"
      }
    },
    "package": {
      "flake": false,
      "locked": {
        "lastModified": 1725382982,
        "narHash": "sha256-zOsGgCKCTtaf2vEzITIIAehk9e/bql7jKasnZpGugIU=",
        "owner": "playit-cloud",
        "repo": "playit-agent",
        "rev": "e551363c6753868f1418ead01e9c3fb2aa6f17db",
        "type": "github"
      },
      "original": {
        "owner": "playit-cloud",
        "repo": "playit-agent",
        "type": "github"
      }
    },
    "root": {
      "inputs": {
        "flakeUtils": "flakeUtils",
        "nixpkgs": "nixpkgs",
        "package": "package"
      }
    },
    "systems": {
      "locked": {
        "lastModified": 1681028828,
        "narHash": "sha256-Vy1rq5AaRuLzOxct8nz4T6wlgyUR7zLU309k9mBC768=",
        "owner": "nix-systems",
        "repo": "default",
        "rev": "da67096a3b9bf56a91d16901293e51ba5b49a27e",
        "type": "github"
      },
      "original": {
        "owner": "nix-systems",
        "repo": "default",
        "type": "github"
      }
    }
  },
  "root": "root",
  "version": 7
}
