{
  "nodes": {
    "dmenu": {
      "inputs": {
        "nixpkgs": "nixpkgs"
      },
      "locked": {
        "lastModified": 1702384716,
        "narHash": "sha256-89IIRHgZXfamnCydn+S63kqcn3F2qLzHSd3D/PtBBCU=",
        "owner": "Rellikeht",
        "repo": "dmenu",
        "rev": "06f03fea9065d10140a6619d8e6102fe40fc13c4",
        "type": "github"
      },
      "original": {
        "owner": "Rellikeht",
        "repo": "dmenu",
        "type": "github"
      }
    },
    "flakeUtils": {
      "inputs": {
        "systems": "systems"
      },
      "locked": {
        "lastModified": 1701680307,
        "narHash": "sha256-kAuep2h5ajznlPMD9rnQyffWG8EM/C73lejGofXvdM8=",
        "owner": "numtide",
        "repo": "flake-utils",
        "rev": "4022d587cbbfd70fe950c1e2083a02621806a725",
        "type": "github"
      },
      "original": {
        "owner": "numtide",
        "repo": "flake-utils",
        "type": "github"
      }
    },
    "nixpkgs": {
      "locked": {
        "lastModified": 1702664877,
        "narHash": "sha256-nkdFy9PomYthM7qSinYKpyi7L2ji1Em2deQILTBp0jw=",
        "owner": "NixOS",
        "repo": "nixpkgs",
        "rev": "0a2b91cdabc7965703874dcf9bae93600dde7582",
        "type": "github"
      },
      "original": {
        "owner": "NixOS",
        "repo": "nixpkgs",
        "type": "github"
      }
    },
    "nixpkgs_2": {
      "locked": {
        "lastModified": 1702664877,
        "narHash": "sha256-nkdFy9PomYthM7qSinYKpyi7L2ji1Em2deQILTBp0jw=",
        "owner": "NixOS",
        "repo": "nixpkgs",
        "rev": "0a2b91cdabc7965703874dcf9bae93600dde7582",
        "type": "github"
      },
      "original": {
        "owner": "NixOS",
        "repo": "nixpkgs",
        "type": "github"
      }
    },
    "package": {
      "flake": false,
      "locked": {
        "narHash": "sha256-W5RnP4fU0jyK/0uN9yXViX499O+rtk8U43pA0gTrCHo=",
        "type": "file",
        "url": "https://git.zx2c4.com/password-store"
      },
      "original": {
        "type": "file",
        "url": "https://git.zx2c4.com/password-store"
      }
    },
    "root": {
      "inputs": {
        "dmenu": "dmenu",
        "flakeUtils": "flakeUtils",
        "nixpkgs": "nixpkgs_2",
        "package": "package"
      }
    },
    "systems": {
      "locked": {
        "lastModified": 1681028828,
        "narHash": "sha256-Vy1rq5AaRuLzOxct8nz4T6wlgyUR7zLU309k9mBC768=",
        "owner": "nix-systems",
        "repo": "default",
        "rev": "da67096a3b9bf56a91d16901293e51ba5b49a27e",
        "type": "github"
      },
      "original": {
        "owner": "nix-systems",
        "repo": "default",
        "type": "github"
      }
    }
  },
  "root": "root",
  "version": 7
}
