{
  "nodes": {
    "chuffed": {
      "inputs": {
        "flakeUtils": "flakeUtils",
        "nixpkgs": "nixpkgs",
        "package": "package"
      },
      "locked": {
        "dir": "chuffed",
        "lastModified": 1725812003,
        "narHash": "sha256-zdVEvJp8L6aP5LSUt2YAyFSuh59Z8Nmeg5i8TLcTx74=",
        "owner": "Rellikeht",
        "repo": "nix-builds",
        "rev": "574c08375f22e9d195b919e8e23935de4faf18fc",
        "type": "github"
      },
      "original": {
        "dir": "chuffed",
        "owner": "Rellikeht",
        "repo": "nix-builds",
        "type": "github"
      }
    },
    "flakeUtils": {
      "inputs": {
        "systems": "systems"
      },
      "locked": {
        "lastModified": 1710146030,
        "narHash": "sha256-SZ5L6eA7HJ/nmkzGG7/ISclqe6oZdOZTNoesiInkXPQ=",
        "owner": "numtide",
        "repo": "flake-utils",
        "rev": "b1d9ab70662946ef0850d488da1c9019f3a9752a",
        "type": "github"
      },
      "original": {
        "owner": "numtide",
        "repo": "flake-utils",
        "type": "github"
      }
    },
    "flakeUtils_2": {
      "inputs": {
        "systems": "systems_2"
      },
      "locked": {
        "lastModified": 1710146030,
        "narHash": "sha256-SZ5L6eA7HJ/nmkzGG7/ISclqe6oZdOZTNoesiInkXPQ=",
        "owner": "numtide",
        "repo": "flake-utils",
        "rev": "b1d9ab70662946ef0850d488da1c9019f3a9752a",
        "type": "github"
      },
      "original": {
        "owner": "numtide",
        "repo": "flake-utils",
        "type": "github"
      }
    },
    "nixpkgs": {
      "locked": {
        "lastModified": 1725811211,
        "narHash": "sha256-4APxIB8c4c8UmQCr2DHigI+ncLZBONWl1Cww350F80E=",
        "owner": "NixOS",
        "repo": "nixpkgs",
        "rev": "828b7b46725ae161db7ce0f7e4cb73534aec83a0",
        "type": "github"
      },
      "original": {
        "owner": "NixOS",
        "repo": "nixpkgs",
        "type": "github"
      }
    },
    "nixpkgs_2": {
      "locked": {
        "lastModified": 1725811211,
        "narHash": "sha256-4APxIB8c4c8UmQCr2DHigI+ncLZBONWl1Cww350F80E=",
        "owner": "NixOS",
        "repo": "nixpkgs",
        "rev": "828b7b46725ae161db7ce0f7e4cb73534aec83a0",
        "type": "github"
      },
      "original": {
        "owner": "NixOS",
        "repo": "nixpkgs",
        "type": "github"
      }
    },
    "package": {
      "flake": false,
      "locked": {
        "lastModified": 1724646568,
        "narHash": "sha256-MAml+BMb10YHRDYsxln5FT6ab/5+SK4wmoJWq45VOy8=",
        "owner": "chuffed",
        "repo": "chuffed",
        "rev": "eb2e7610cc9eed949c3f38737aa4cf9962871e19",
        "type": "github"
      },
      "original": {
        "owner": "chuffed",
        "repo": "chuffed",
        "type": "github"
      }
    },
    "package_2": {
      "flake": false,
      "locked": {
        "lastModified": 1717370237,
        "narHash": "sha256-AD5hbHnu5/gmhvk4Hzeqzvq3E/7w54ijxl9US5eATRY=",
        "owner": "MiniZinc",
        "repo": "libminizinc",
        "rev": "2fdef7b40921981f3f9ea82017e9d84937ddab77",
        "type": "github"
      },
      "original": {
        "owner": "MiniZinc",
        "repo": "libminizinc",
        "type": "github"
      }
    },
    "root": {
      "inputs": {
        "chuffed": "chuffed",
        "flakeUtils": "flakeUtils_2",
        "nixpkgs": "nixpkgs_2",
        "package": "package_2"
      }
    },
    "systems": {
      "locked": {
        "lastModified": 1681028828,
        "narHash": "sha256-Vy1rq5AaRuLzOxct8nz4T6wlgyUR7zLU309k9mBC768=",
        "owner": "nix-systems",
        "repo": "default",
        "rev": "da67096a3b9bf56a91d16901293e51ba5b49a27e",
        "type": "github"
      },
      "original": {
        "owner": "nix-systems",
        "repo": "default",
        "type": "github"
      }
    },
    "systems_2": {
      "locked": {
        "lastModified": 1681028828,
        "narHash": "sha256-Vy1rq5AaRuLzOxct8nz4T6wlgyUR7zLU309k9mBC768=",
        "owner": "nix-systems",
        "repo": "default",
        "rev": "da67096a3b9bf56a91d16901293e51ba5b49a27e",
        "type": "github"
      },
      "original": {
        "owner": "nix-systems",
        "repo": "default",
        "type": "github"
      }
    }
  },
  "root": "root",
  "version": 7
}
