{
  "nodes": {
    "chuffed": {
      "inputs": {
        "flakeUtils": "flakeUtils",
        "nixpkgs": "nixpkgs",
        "package": "package"
      },
      "locked": {
        "dir": "chuffed",
        "lastModified": 1721045819,
        "narHash": "sha256-X1y9MSAp6iXck9G5w2jFCZEosOC4sdEONG1J/YThBME=",
        "owner": "Rellikeht",
        "repo": "nix-builds",
        "rev": "86ba1d40b8a3c95a270ae4edf95e057d90e8290a",
        "type": "github"
      },
      "original": {
        "dir": "chuffed",
        "owner": "Rellikeht",
        "repo": "nix-builds",
        "type": "github"
      }
    },
    "flakeUtils": {
      "inputs": {
        "systems": "systems"
      },
      "locked": {
        "lastModified": 1710146030,
        "narHash": "sha256-SZ5L6eA7HJ/nmkzGG7/ISclqe6oZdOZTNoesiInkXPQ=",
        "owner": "numtide",
        "repo": "flake-utils",
        "rev": "b1d9ab70662946ef0850d488da1c9019f3a9752a",
        "type": "github"
      },
      "original": {
        "owner": "numtide",
        "repo": "flake-utils",
        "type": "github"
      }
    },
    "flakeUtils_2": {
      "inputs": {
        "systems": "systems_2"
      },
      "locked": {
        "lastModified": 1710146030,
        "narHash": "sha256-SZ5L6eA7HJ/nmkzGG7/ISclqe6oZdOZTNoesiInkXPQ=",
        "owner": "numtide",
        "repo": "flake-utils",
        "rev": "b1d9ab70662946ef0850d488da1c9019f3a9752a",
        "type": "github"
      },
      "original": {
        "owner": "numtide",
        "repo": "flake-utils",
        "type": "github"
      }
    },
    "nixpkgs": {
      "locked": {
        "lastModified": 1720886675,
        "narHash": "sha256-QNa/30Ok0jZNL1NtCwKRu0o4zZLMg5QVYh2uk1Sv4OU=",
        "owner": "NixOS",
        "repo": "nixpkgs",
        "rev": "4c68bf5473a8e87ffd94322cc3e79a449311325b",
        "type": "github"
      },
      "original": {
        "owner": "NixOS",
        "repo": "nixpkgs",
        "type": "github"
      }
    },
    "nixpkgs_2": {
      "locked": {
        "lastModified": 1724058694,
        "narHash": "sha256-6NQFErG/FJ1IXW2HPCKr439WLmc13nkx4p5LIQOH4eM=",
        "owner": "NixOS",
        "repo": "nixpkgs",
        "rev": "ca17c446da9fca6379364f408edd66949e1058f5",
        "type": "github"
      },
      "original": {
        "owner": "NixOS",
        "repo": "nixpkgs",
        "type": "github"
      }
    },
    "package": {
      "flake": false,
      "locked": {
        "lastModified": 1719821639,
        "narHash": "sha256-06M8llgIhSPDVCZ3ydinqVP98mMpPyf/zpVK+m4QwAg=",
        "owner": "chuffed",
        "repo": "chuffed",
        "rev": "99c6bb523b6ca44ce0e88dde2ec5c0d72e0062a7",
        "type": "github"
      },
      "original": {
        "owner": "chuffed",
        "repo": "chuffed",
        "type": "github"
      }
    },
    "package_2": {
      "flake": false,
      "locked": {
        "lastModified": 1717370237,
        "narHash": "sha256-AD5hbHnu5/gmhvk4Hzeqzvq3E/7w54ijxl9US5eATRY=",
        "owner": "MiniZinc",
        "repo": "libminizinc",
        "rev": "2fdef7b40921981f3f9ea82017e9d84937ddab77",
        "type": "github"
      },
      "original": {
        "owner": "MiniZinc",
        "repo": "libminizinc",
        "type": "github"
      }
    },
    "root": {
      "inputs": {
        "chuffed": "chuffed",
        "flakeUtils": "flakeUtils_2",
        "nixpkgs": "nixpkgs_2",
        "package": "package_2"
      }
    },
    "systems": {
      "locked": {
        "lastModified": 1681028828,
        "narHash": "sha256-Vy1rq5AaRuLzOxct8nz4T6wlgyUR7zLU309k9mBC768=",
        "owner": "nix-systems",
        "repo": "default",
        "rev": "da67096a3b9bf56a91d16901293e51ba5b49a27e",
        "type": "github"
      },
      "original": {
        "owner": "nix-systems",
        "repo": "default",
        "type": "github"
      }
    },
    "systems_2": {
      "locked": {
        "lastModified": 1681028828,
        "narHash": "sha256-Vy1rq5AaRuLzOxct8nz4T6wlgyUR7zLU309k9mBC768=",
        "owner": "nix-systems",
        "repo": "default",
        "rev": "da67096a3b9bf56a91d16901293e51ba5b49a27e",
        "type": "github"
      },
      "original": {
        "owner": "nix-systems",
        "repo": "default",
        "type": "github"
      }
    }
  },
  "root": "root",
  "version": 7
}
