{
  "nodes": {
    "chuffed": {
      "inputs": {
        "flakeUtils": "flakeUtils",
        "nixpkgs": "nixpkgs",
        "package": "package"
      },
      "locked": {
        "dir": "chuffed",
        "lastModified": 1745231936,
        "narHash": "sha256-DXaN8gVoW7mIByPoj9Uh43V1xpVxcxkPQ7EczlnvxG0=",
        "owner": "Rellikeht",
        "repo": "nix-builds",
        "rev": "fe2342a0478b9b0dcfe5ae04f6a785226dd1b20f",
        "type": "github"
      },
      "original": {
        "dir": "chuffed",
        "owner": "Rellikeht",
        "repo": "nix-builds",
        "type": "github"
      }
    },
    "flakeUtils": {
      "inputs": {
        "systems": "systems"
      },
      "locked": {
        "lastModified": 1731533236,
        "narHash": "sha256-l0KFg5HjrsfsO/JpG+r7fRrqm12kzFHyUHqHCVpMMbI=",
        "owner": "numtide",
        "repo": "flake-utils",
        "rev": "11707dc2f618dd54ca8739b309ec4fc024de578b",
        "type": "github"
      },
      "original": {
        "owner": "numtide",
        "repo": "flake-utils",
        "type": "github"
      }
    },
    "flakeUtils_2": {
      "inputs": {
        "systems": "systems_2"
      },
      "locked": {
        "lastModified": 1731533236,
        "narHash": "sha256-l0KFg5HjrsfsO/JpG+r7fRrqm12kzFHyUHqHCVpMMbI=",
        "owner": "numtide",
        "repo": "flake-utils",
        "rev": "11707dc2f618dd54ca8739b309ec4fc024de578b",
        "type": "github"
      },
      "original": {
        "owner": "numtide",
        "repo": "flake-utils",
        "type": "github"
      }
    },
    "nixpkgs": {
      "locked": {
        "lastModified": 1744868846,
        "narHash": "sha256-5RJTdUHDmj12Qsv7XOhuospjAjATNiTMElplWnJE9Hs=",
        "owner": "NixOS",
        "repo": "nixpkgs",
        "rev": "ebe4301cbd8f81c4f8d3244b3632338bbeb6d49c",
        "type": "github"
      },
      "original": {
        "owner": "NixOS",
        "ref": "nixpkgs-unstable",
        "repo": "nixpkgs",
        "type": "github"
      }
    },
    "nixpkgs_2": {
      "locked": {
        "lastModified": 1747426788,
        "narHash": "sha256-N4cp0asTsJCnRMFZ/k19V9akkxb7J/opG+K+jU57JGc=",
        "owner": "NixOS",
        "repo": "nixpkgs",
        "rev": "12a55407652e04dcf2309436eb06fef0d3713ef3",
        "type": "github"
      },
      "original": {
        "owner": "NixOS",
        "ref": "nixpkgs-unstable",
        "repo": "nixpkgs",
        "type": "github"
      }
    },
    "package": {
      "flake": false,
      "locked": {
        "lastModified": 1733186481,
        "narHash": "sha256-6SJBYKd7l0h42JuX5uxadgJX88uVyPD+yZTdI7KOUzw=",
        "owner": "chuffed",
        "repo": "chuffed",
        "rev": "0f253d1f2fa60a3f991f428c249b8af95a03dbbf",
        "type": "github"
      },
      "original": {
        "owner": "chuffed",
        "repo": "chuffed",
        "type": "github"
      }
    },
    "package_2": {
      "flake": false,
      "locked": {
        "lastModified": 1741239081,
        "narHash": "sha256-rR+QvRt73wvulx+T+vhSc3354Cpx1QC6+adaodEiQ7Q=",
        "owner": "MiniZinc",
        "repo": "libminizinc",
        "rev": "83e59432fef41a67b653898b24db37488b63df06",
        "type": "github"
      },
      "original": {
        "owner": "MiniZinc",
        "repo": "libminizinc",
        "type": "github"
      }
    },
    "root": {
      "inputs": {
        "chuffed": "chuffed",
        "flakeUtils": "flakeUtils_2",
        "nixpkgs": "nixpkgs_2",
        "package": "package_2"
      }
    },
    "systems": {
      "locked": {
        "lastModified": 1681028828,
        "narHash": "sha256-Vy1rq5AaRuLzOxct8nz4T6wlgyUR7zLU309k9mBC768=",
        "owner": "nix-systems",
        "repo": "default",
        "rev": "da67096a3b9bf56a91d16901293e51ba5b49a27e",
        "type": "github"
      },
      "original": {
        "owner": "nix-systems",
        "repo": "default",
        "type": "github"
      }
    },
    "systems_2": {
      "locked": {
        "lastModified": 1681028828,
        "narHash": "sha256-Vy1rq5AaRuLzOxct8nz4T6wlgyUR7zLU309k9mBC768=",
        "owner": "nix-systems",
        "repo": "default",
        "rev": "da67096a3b9bf56a91d16901293e51ba5b49a27e",
        "type": "github"
      },
      "original": {
        "owner": "nix-systems",
        "repo": "default",
        "type": "github"
      }
    }
  },
  "root": "root",
  "version": 7
}
